// !$*UTF8*$!
{
	archiveVersion = 1;
	classes = {
	};
	objectVersion = 50;
	objects = {

/* Begin PBXBuildFile section */
		119AB17B2633405E00379CB7 /* AppDelegate.swift in Sources */ = {isa = PBXBuildFile; fileRef = 119AB17A2633405E00379CB7 /* AppDelegate.swift */; };
		119AB17D2633405E00379CB7 /* SceneDelegate.swift in Sources */ = {isa = PBXBuildFile; fileRef = 119AB17C2633405E00379CB7 /* SceneDelegate.swift */; };
		119AB1872633405F00379CB7 /* Assets.xcassets in Resources */ = {isa = PBXBuildFile; fileRef = 119AB1862633405F00379CB7 /* Assets.xcassets */; };
		119AB18A2633405F00379CB7 /* LaunchScreen.storyboard in Resources */ = {isa = PBXBuildFile; fileRef = 119AB1882633405F00379CB7 /* LaunchScreen.storyboard */; };
		119AB1952633405F00379CB7 /* MyCarTests.swift in Sources */ = {isa = PBXBuildFile; fileRef = 119AB1942633405F00379CB7 /* MyCarTests.swift */; };
		119AB1A02633405F00379CB7 /* MyCarUITests.swift in Sources */ = {isa = PBXBuildFile; fileRef = 119AB19F2633405F00379CB7 /* MyCarUITests.swift */; };
		119AB1E926334A4A00379CB7 /* MyCar.xcdatamodeld in Sources */ = {isa = PBXBuildFile; fileRef = 119AB1E726334A4A00379CB7 /* MyCar.xcdatamodeld */; };
		119C891E266B8FFA00590CCC /* Localizable.strings in Resources */ = {isa = PBXBuildFile; fileRef = 119C8920266B8FFA00590CCC /* Localizable.strings */; };
		119C8925266B995700590CCC /* Text.swift in Sources */ = {isa = PBXBuildFile; fileRef = 119C8924266B995700590CCC /* Text.swift */; };
		119C8927266B997600590CCC /* String.swift in Sources */ = {isa = PBXBuildFile; fileRef = 119C8926266B997600590CCC /* String.swift */; };
		119C8929266B9D4700590CCC /* Shared.swift in Sources */ = {isa = PBXBuildFile; fileRef = 119C8928266B9D4700590CCC /* Shared.swift */; };
		11FF78DE264C1756008660C4 /* Router.swift in Sources */ = {isa = PBXBuildFile; fileRef = 11FF78DD264C1756008660C4 /* Router.swift */; };
		11FF78E0264C1893008660C4 /* TabBarProtocols.swift in Sources */ = {isa = PBXBuildFile; fileRef = 11FF78DF264C1893008660C4 /* TabBarProtocols.swift */; };
		11FF78E2264C18A9008660C4 /* TabBarAssembly.swift in Sources */ = {isa = PBXBuildFile; fileRef = 11FF78E1264C18A9008660C4 /* TabBarAssembly.swift */; };
		11FF78E4264C18C8008660C4 /* TabBarInteractor.swift in Sources */ = {isa = PBXBuildFile; fileRef = 11FF78E3264C18C8008660C4 /* TabBarInteractor.swift */; };
		11FF78E6264C18D2008660C4 /* TabBarPresenter.swift in Sources */ = {isa = PBXBuildFile; fileRef = 11FF78E5264C18D2008660C4 /* TabBarPresenter.swift */; };
		11FF78E8264C18DF008660C4 /* TabBarController.swift in Sources */ = {isa = PBXBuildFile; fileRef = 11FF78E7264C18DF008660C4 /* TabBarController.swift */; };
		11FF78EA264C18EA008660C4 /* TabBarCoordinator.swift in Sources */ = {isa = PBXBuildFile; fileRef = 11FF78E9264C18EA008660C4 /* TabBarCoordinator.swift */; };
		11FF78EC264C1984008660C4 /* BaseViewProtocol.swift in Sources */ = {isa = PBXBuildFile; fileRef = 11FF78EB264C1984008660C4 /* BaseViewProtocol.swift */; };
		11FF78EE264C19E4008660C4 /* AppTypeAliases.swift in Sources */ = {isa = PBXBuildFile; fileRef = 11FF78ED264C19E4008660C4 /* AppTypeAliases.swift */; };
		11FF78F0264C21E3008660C4 /* ModulesFactoryProtocols.swift in Sources */ = {isa = PBXBuildFile; fileRef = 11FF78EF264C21E3008660C4 /* ModulesFactoryProtocols.swift */; };
		11FF78F2264C2BF8008660C4 /* Coordinatable.swift in Sources */ = {isa = PBXBuildFile; fileRef = 11FF78F1264C2BF8008660C4 /* Coordinatable.swift */; };
		11FF78F4264C2C2C008660C4 /* BaseCoordinator.swift in Sources */ = {isa = PBXBuildFile; fileRef = 11FF78F3264C2C2C008660C4 /* BaseCoordinator.swift */; };
		11FF78F6264C2D26008660C4 /* Presentable.swift in Sources */ = {isa = PBXBuildFile; fileRef = 11FF78F5264C2D26008660C4 /* Presentable.swift */; };
		11FF78F8264C2E08008660C4 /* Routable.swift in Sources */ = {isa = PBXBuildFile; fileRef = 11FF78F7264C2E08008660C4 /* Routable.swift */; };
		11FF78FA264C2FB7008660C4 /* ModulesFactory.swift in Sources */ = {isa = PBXBuildFile; fileRef = 11FF78F9264C2FB7008660C4 /* ModulesFactory.swift */; };
		11FF78FC264C30FE008660C4 /* AppScope.swift in Sources */ = {isa = PBXBuildFile; fileRef = 11FF78FB264C30FD008660C4 /* AppScope.swift */; };
		11FF78FE264C5A27008660C4 /* AppColors.swift in Sources */ = {isa = PBXBuildFile; fileRef = 11FF78FD264C5A27008660C4 /* AppColors.swift */; };
		11FF7900264C5ACE008660C4 /* UIColor.swift in Sources */ = {isa = PBXBuildFile; fileRef = 11FF78FF264C5ACE008660C4 /* UIColor.swift */; };
		11FF7903264C5B4B008660C4 /* Colors.xcassets in Resources */ = {isa = PBXBuildFile; fileRef = 11FF7902264C5B4B008660C4 /* Colors.xcassets */; };
		11FF7907264C6156008660C4 /* UserDefaultsKeys.swift in Sources */ = {isa = PBXBuildFile; fileRef = 11FF7906264C6156008660C4 /* UserDefaultsKeys.swift */; };
		11FF7909264C6492008660C4 /* AppCoordinator.swift in Sources */ = {isa = PBXBuildFile; fileRef = 11FF7908264C6492008660C4 /* AppCoordinator.swift */; };
		11FF790B264C660E008660C4 /* CoordinatorFactoryProtocol.swift in Sources */ = {isa = PBXBuildFile; fileRef = 11FF790A264C660E008660C4 /* CoordinatorFactoryProtocol.swift */; };
		11FF790D264C6A4E008660C4 /* CoordinatorFactory.swift in Sources */ = {isa = PBXBuildFile; fileRef = 11FF790C264C6A4E008660C4 /* CoordinatorFactory.swift */; };
		2BFDE5C006DDA667EC03CA37 /* Pods_MyCarTests.framework in Frameworks */ = {isa = PBXBuildFile; fileRef = 0171AD3D863509F430F2BB46 /* Pods_MyCarTests.framework */; };
		42511F4E3E2E0AF1EA1C4F22 /* Pods_MyCar_MyCarUITests.framework in Frameworks */ = {isa = PBXBuildFile; fileRef = F038BAC381D3927A6F172FBB /* Pods_MyCar_MyCarUITests.framework */; };
		E49A6763FF6C4743D6146C4F /* Pods_MyCar.framework in Frameworks */ = {isa = PBXBuildFile; fileRef = 44C7AB8D697E8C54AF19A0B0 /* Pods_MyCar.framework */; };
/* End PBXBuildFile section */

/* Begin PBXContainerItemProxy section */
		119AB1912633405F00379CB7 /* PBXContainerItemProxy */ = {
			isa = PBXContainerItemProxy;
			containerPortal = 119AB16F2633405E00379CB7 /* Project object */;
			proxyType = 1;
			remoteGlobalIDString = 119AB1762633405E00379CB7;
			remoteInfo = MyCar;
		};
		119AB19C2633405F00379CB7 /* PBXContainerItemProxy */ = {
			isa = PBXContainerItemProxy;
			containerPortal = 119AB16F2633405E00379CB7 /* Project object */;
			proxyType = 1;
			remoteGlobalIDString = 119AB1762633405E00379CB7;
			remoteInfo = MyCar;
		};
/* End PBXContainerItemProxy section */

/* Begin PBXFileReference section */
		0171AD3D863509F430F2BB46 /* Pods_MyCarTests.framework */ = {isa = PBXFileReference; explicitFileType = wrapper.framework; includeInIndex = 0; path = Pods_MyCarTests.framework; sourceTree = BUILT_PRODUCTS_DIR; };
		079A4F4431A51C698070954F /* Pods-MyCar.release.xcconfig */ = {isa = PBXFileReference; includeInIndex = 1; lastKnownFileType = text.xcconfig; name = "Pods-MyCar.release.xcconfig"; path = "Target Support Files/Pods-MyCar/Pods-MyCar.release.xcconfig"; sourceTree = "<group>"; };
		119AB1772633405E00379CB7 /* MyCar.app */ = {isa = PBXFileReference; explicitFileType = wrapper.application; includeInIndex = 0; path = MyCar.app; sourceTree = BUILT_PRODUCTS_DIR; };
		119AB17A2633405E00379CB7 /* AppDelegate.swift */ = {isa = PBXFileReference; lastKnownFileType = sourcecode.swift; path = AppDelegate.swift; sourceTree = "<group>"; };
		119AB17C2633405E00379CB7 /* SceneDelegate.swift */ = {isa = PBXFileReference; lastKnownFileType = sourcecode.swift; path = SceneDelegate.swift; sourceTree = "<group>"; };
		119AB1862633405F00379CB7 /* Assets.xcassets */ = {isa = PBXFileReference; lastKnownFileType = folder.assetcatalog; path = Assets.xcassets; sourceTree = "<group>"; };
		119AB1892633405F00379CB7 /* Base */ = {isa = PBXFileReference; lastKnownFileType = file.storyboard; name = Base; path = Base.lproj/LaunchScreen.storyboard; sourceTree = "<group>"; };
		119AB18B2633405F00379CB7 /* Info.plist */ = {isa = PBXFileReference; lastKnownFileType = text.plist.xml; path = Info.plist; sourceTree = "<group>"; };
		119AB1902633405F00379CB7 /* MyCarTests.xctest */ = {isa = PBXFileReference; explicitFileType = wrapper.cfbundle; includeInIndex = 0; path = MyCarTests.xctest; sourceTree = BUILT_PRODUCTS_DIR; };
		119AB1942633405F00379CB7 /* MyCarTests.swift */ = {isa = PBXFileReference; lastKnownFileType = sourcecode.swift; path = MyCarTests.swift; sourceTree = "<group>"; };
		119AB1962633405F00379CB7 /* Info.plist */ = {isa = PBXFileReference; lastKnownFileType = text.plist.xml; path = Info.plist; sourceTree = "<group>"; };
		119AB19B2633405F00379CB7 /* MyCarUITests.xctest */ = {isa = PBXFileReference; explicitFileType = wrapper.cfbundle; includeInIndex = 0; path = MyCarUITests.xctest; sourceTree = BUILT_PRODUCTS_DIR; };
		119AB19F2633405F00379CB7 /* MyCarUITests.swift */ = {isa = PBXFileReference; lastKnownFileType = sourcecode.swift; path = MyCarUITests.swift; sourceTree = "<group>"; };
		119AB1A12633405F00379CB7 /* Info.plist */ = {isa = PBXFileReference; lastKnownFileType = text.plist.xml; path = Info.plist; sourceTree = "<group>"; };
		119AB1E826334A4A00379CB7 /* MyCar.xcdatamodel */ = {isa = PBXFileReference; lastKnownFileType = wrapper.xcdatamodel; path = MyCar.xcdatamodel; sourceTree = "<group>"; };
		119C891F266B8FFA00590CCC /* en */ = {isa = PBXFileReference; lastKnownFileType = text.plist.strings; name = en; path = en.lproj/Localizable.strings; sourceTree = "<group>"; };
		119C8921266B901500590CCC /* ru */ = {isa = PBXFileReference; lastKnownFileType = text.plist.strings; name = ru; path = ru.lproj/LaunchScreen.strings; sourceTree = "<group>"; };
		119C8922266B901500590CCC /* ru */ = {isa = PBXFileReference; lastKnownFileType = text.plist.strings; name = ru; path = ru.lproj/Localizable.strings; sourceTree = "<group>"; };
		119C8924266B995700590CCC /* Text.swift */ = {isa = PBXFileReference; lastKnownFileType = sourcecode.swift; path = Text.swift; sourceTree = "<group>"; };
		119C8926266B997600590CCC /* String.swift */ = {isa = PBXFileReference; lastKnownFileType = sourcecode.swift; path = String.swift; sourceTree = "<group>"; };
		119C8928266B9D4700590CCC /* Shared.swift */ = {isa = PBXFileReference; lastKnownFileType = sourcecode.swift; path = Shared.swift; sourceTree = "<group>"; };
		11FF78DD264C1756008660C4 /* Router.swift */ = {isa = PBXFileReference; lastKnownFileType = sourcecode.swift; path = Router.swift; sourceTree = "<group>"; };
		11FF78DF264C1893008660C4 /* TabBarProtocols.swift */ = {isa = PBXFileReference; lastKnownFileType = sourcecode.swift; path = TabBarProtocols.swift; sourceTree = "<group>"; };
		11FF78E1264C18A9008660C4 /* TabBarAssembly.swift */ = {isa = PBXFileReference; lastKnownFileType = sourcecode.swift; path = TabBarAssembly.swift; sourceTree = "<group>"; };
		11FF78E3264C18C8008660C4 /* TabBarInteractor.swift */ = {isa = PBXFileReference; lastKnownFileType = sourcecode.swift; path = TabBarInteractor.swift; sourceTree = "<group>"; };
		11FF78E5264C18D2008660C4 /* TabBarPresenter.swift */ = {isa = PBXFileReference; lastKnownFileType = sourcecode.swift; path = TabBarPresenter.swift; sourceTree = "<group>"; };
		11FF78E7264C18DF008660C4 /* TabBarController.swift */ = {isa = PBXFileReference; lastKnownFileType = sourcecode.swift; path = TabBarController.swift; sourceTree = "<group>"; };
		11FF78E9264C18EA008660C4 /* TabBarCoordinator.swift */ = {isa = PBXFileReference; lastKnownFileType = sourcecode.swift; path = TabBarCoordinator.swift; sourceTree = "<group>"; };
		11FF78EB264C1984008660C4 /* BaseViewProtocol.swift */ = {isa = PBXFileReference; lastKnownFileType = sourcecode.swift; path = BaseViewProtocol.swift; sourceTree = "<group>"; };
		11FF78ED264C19E4008660C4 /* AppTypeAliases.swift */ = {isa = PBXFileReference; lastKnownFileType = sourcecode.swift; path = AppTypeAliases.swift; sourceTree = "<group>"; };
		11FF78EF264C21E3008660C4 /* ModulesFactoryProtocols.swift */ = {isa = PBXFileReference; lastKnownFileType = sourcecode.swift; path = ModulesFactoryProtocols.swift; sourceTree = "<group>"; };
		11FF78F1264C2BF8008660C4 /* Coordinatable.swift */ = {isa = PBXFileReference; lastKnownFileType = sourcecode.swift; path = Coordinatable.swift; sourceTree = "<group>"; };
		11FF78F3264C2C2C008660C4 /* BaseCoordinator.swift */ = {isa = PBXFileReference; lastKnownFileType = sourcecode.swift; path = BaseCoordinator.swift; sourceTree = "<group>"; };
		11FF78F5264C2D26008660C4 /* Presentable.swift */ = {isa = PBXFileReference; lastKnownFileType = sourcecode.swift; path = Presentable.swift; sourceTree = "<group>"; };
		11FF78F7264C2E08008660C4 /* Routable.swift */ = {isa = PBXFileReference; lastKnownFileType = sourcecode.swift; path = Routable.swift; sourceTree = "<group>"; };
		11FF78F9264C2FB7008660C4 /* ModulesFactory.swift */ = {isa = PBXFileReference; lastKnownFileType = sourcecode.swift; path = ModulesFactory.swift; sourceTree = "<group>"; };
		11FF78FB264C30FD008660C4 /* AppScope.swift */ = {isa = PBXFileReference; lastKnownFileType = sourcecode.swift; path = AppScope.swift; sourceTree = "<group>"; };
		11FF78FD264C5A27008660C4 /* AppColors.swift */ = {isa = PBXFileReference; lastKnownFileType = sourcecode.swift; path = AppColors.swift; sourceTree = "<group>"; };
		11FF78FF264C5ACE008660C4 /* UIColor.swift */ = {isa = PBXFileReference; lastKnownFileType = sourcecode.swift; path = UIColor.swift; sourceTree = "<group>"; };
		11FF7902264C5B4B008660C4 /* Colors.xcassets */ = {isa = PBXFileReference; lastKnownFileType = folder.assetcatalog; path = Colors.xcassets; sourceTree = "<group>"; };
		11FF7906264C6156008660C4 /* UserDefaultsKeys.swift */ = {isa = PBXFileReference; lastKnownFileType = sourcecode.swift; path = UserDefaultsKeys.swift; sourceTree = "<group>"; };
		11FF7908264C6492008660C4 /* AppCoordinator.swift */ = {isa = PBXFileReference; lastKnownFileType = sourcecode.swift; path = AppCoordinator.swift; sourceTree = "<group>"; };
		11FF790A264C660E008660C4 /* CoordinatorFactoryProtocol.swift */ = {isa = PBXFileReference; lastKnownFileType = sourcecode.swift; path = CoordinatorFactoryProtocol.swift; sourceTree = "<group>"; };
		11FF790C264C6A4E008660C4 /* CoordinatorFactory.swift */ = {isa = PBXFileReference; lastKnownFileType = sourcecode.swift; path = CoordinatorFactory.swift; sourceTree = "<group>"; };
		29B05698CB092FEF7AB188C2 /* Pods-MyCarTests.release.xcconfig */ = {isa = PBXFileReference; includeInIndex = 1; lastKnownFileType = text.xcconfig; name = "Pods-MyCarTests.release.xcconfig"; path = "Target Support Files/Pods-MyCarTests/Pods-MyCarTests.release.xcconfig"; sourceTree = "<group>"; };
		3EF8E4AD6F33627FA131ED7B /* Pods-MyCar-MyCarUITests.debug.xcconfig */ = {isa = PBXFileReference; includeInIndex = 1; lastKnownFileType = text.xcconfig; name = "Pods-MyCar-MyCarUITests.debug.xcconfig"; path = "Target Support Files/Pods-MyCar-MyCarUITests/Pods-MyCar-MyCarUITests.debug.xcconfig"; sourceTree = "<group>"; };
		44C7AB8D697E8C54AF19A0B0 /* Pods_MyCar.framework */ = {isa = PBXFileReference; explicitFileType = wrapper.framework; includeInIndex = 0; path = Pods_MyCar.framework; sourceTree = BUILT_PRODUCTS_DIR; };
		B46418253DFFC9D3F1A60903 /* Pods-MyCar-MyCarUITests.release.xcconfig */ = {isa = PBXFileReference; includeInIndex = 1; lastKnownFileType = text.xcconfig; name = "Pods-MyCar-MyCarUITests.release.xcconfig"; path = "Target Support Files/Pods-MyCar-MyCarUITests/Pods-MyCar-MyCarUITests.release.xcconfig"; sourceTree = "<group>"; };
		C1D6714D17C026A9552F06C5 /* Pods-MyCar.debug.xcconfig */ = {isa = PBXFileReference; includeInIndex = 1; lastKnownFileType = text.xcconfig; name = "Pods-MyCar.debug.xcconfig"; path = "Target Support Files/Pods-MyCar/Pods-MyCar.debug.xcconfig"; sourceTree = "<group>"; };
		C707FED61212E71A470F5007 /* Pods-MyCarTests.debug.xcconfig */ = {isa = PBXFileReference; includeInIndex = 1; lastKnownFileType = text.xcconfig; name = "Pods-MyCarTests.debug.xcconfig"; path = "Target Support Files/Pods-MyCarTests/Pods-MyCarTests.debug.xcconfig"; sourceTree = "<group>"; };
		F038BAC381D3927A6F172FBB /* Pods_MyCar_MyCarUITests.framework */ = {isa = PBXFileReference; explicitFileType = wrapper.framework; includeInIndex = 0; path = Pods_MyCar_MyCarUITests.framework; sourceTree = BUILT_PRODUCTS_DIR; };
/* End PBXFileReference section */

/* Begin PBXFrameworksBuildPhase section */
		119AB1742633405E00379CB7 /* Frameworks */ = {
			isa = PBXFrameworksBuildPhase;
			buildActionMask = 2147483647;
			files = (
				E49A6763FF6C4743D6146C4F /* Pods_MyCar.framework in Frameworks */,
			);
			runOnlyForDeploymentPostprocessing = 0;
		};
		119AB18D2633405F00379CB7 /* Frameworks */ = {
			isa = PBXFrameworksBuildPhase;
			buildActionMask = 2147483647;
			files = (
				2BFDE5C006DDA667EC03CA37 /* Pods_MyCarTests.framework in Frameworks */,
			);
			runOnlyForDeploymentPostprocessing = 0;
		};
		119AB1982633405F00379CB7 /* Frameworks */ = {
			isa = PBXFrameworksBuildPhase;
			buildActionMask = 2147483647;
			files = (
				42511F4E3E2E0AF1EA1C4F22 /* Pods_MyCar_MyCarUITests.framework in Frameworks */,
			);
			runOnlyForDeploymentPostprocessing = 0;
		};
/* End PBXFrameworksBuildPhase section */

/* Begin PBXGroup section */
		119AB16E2633405E00379CB7 = {
			isa = PBXGroup;
			children = (
				119AB1792633405E00379CB7 /* MyCar */,
				119AB1932633405F00379CB7 /* MyCarTests */,
				119AB19E2633405F00379CB7 /* MyCarUITests */,
				119AB1782633405E00379CB7 /* Products */,
				335D7893A0AA8D56B29ABEA5 /* Pods */,
				686B6A4648EAE53B3C64AA5E /* Frameworks */,
			);
			sourceTree = "<group>";
		};
		119AB1782633405E00379CB7 /* Products */ = {
			isa = PBXGroup;
			children = (
				119AB1772633405E00379CB7 /* MyCar.app */,
				119AB1902633405F00379CB7 /* MyCarTests.xctest */,
				119AB19B2633405F00379CB7 /* MyCarUITests.xctest */,
			);
			name = Products;
			sourceTree = "<group>";
		};
		119AB1792633405E00379CB7 /* MyCar */ = {
			isa = PBXGroup;
			children = (
				119AB1CE2633456E00379CB7 /* Application */,
				119AB1D62633462C00379CB7 /* Common */,
				119AB1DF2633469600379CB7 /* Modules */,
				119AB1D52633461500379CB7 /* Resources */,
			);
			path = MyCar;
			sourceTree = "<group>";
		};
		119AB1932633405F00379CB7 /* MyCarTests */ = {
			isa = PBXGroup;
			children = (
				119AB1942633405F00379CB7 /* MyCarTests.swift */,
				119AB1962633405F00379CB7 /* Info.plist */,
			);
			path = MyCarTests;
			sourceTree = "<group>";
		};
		119AB19E2633405F00379CB7 /* MyCarUITests */ = {
			isa = PBXGroup;
			children = (
				119AB19F2633405F00379CB7 /* MyCarUITests.swift */,
				119AB1A12633405F00379CB7 /* Info.plist */,
			);
			path = MyCarUITests;
			sourceTree = "<group>";
		};
		119AB1CE2633456E00379CB7 /* Application */ = {
			isa = PBXGroup;
			children = (
				119AB17A2633405E00379CB7 /* AppDelegate.swift */,
				119AB17C2633405E00379CB7 /* SceneDelegate.swift */,
				11FF7908264C6492008660C4 /* AppCoordinator.swift */,
				119AB18B2633405F00379CB7 /* Info.plist */,
			);
			path = Application;
			sourceTree = "<group>";
		};
		119AB1D52633461500379CB7 /* Resources */ = {
			isa = PBXGroup;
			children = (
				11FF7902264C5B4B008660C4 /* Colors.xcassets */,
				119AB1862633405F00379CB7 /* Assets.xcassets */,
				119AB1882633405F00379CB7 /* LaunchScreen.storyboard */,
				119C8920266B8FFA00590CCC /* Localizable.strings */,
			);
			path = Resources;
			sourceTree = "<group>";
		};
		119AB1D62633462C00379CB7 /* Common */ = {
			isa = PBXGroup;
			children = (
				119AB1DE2633468600379CB7 /* Models */,
				119AB1DD2633467D00379CB7 /* ApiLibrary */,
				119AB1DC2633467500379CB7 /* Services */,
				119AB1DB2633466D00379CB7 /* Factories */,
				119AB1DA2633466000379CB7 /* Extensions */,
				119AB1D92633465700379CB7 /* Helpers */,
				119AB1D82633464E00379CB7 /* Classes */,
				119AB1D72633464000379CB7 /* Protocols */,
			);
			path = Common;
			sourceTree = "<group>";
		};
		119AB1D72633464000379CB7 /* Protocols */ = {
			isa = PBXGroup;
			children = (
				11FF78EB264C1984008660C4 /* BaseViewProtocol.swift */,
				11FF78F1264C2BF8008660C4 /* Coordinatable.swift */,
				11FF78F5264C2D26008660C4 /* Presentable.swift */,
				11FF78F7264C2E08008660C4 /* Routable.swift */,
			);
			path = Protocols;
			sourceTree = "<group>";
		};
		119AB1D82633464E00379CB7 /* Classes */ = {
			isa = PBXGroup;
			children = (
				11FF78DD264C1756008660C4 /* Router.swift */,
				11FF78F3264C2C2C008660C4 /* BaseCoordinator.swift */,
			);
			path = Classes;
			sourceTree = "<group>";
		};
		119AB1D92633465700379CB7 /* Helpers */ = {
			isa = PBXGroup;
			children = (
				119C8923266B994A00590CCC /* Text */,
				11FF78ED264C19E4008660C4 /* AppTypeAliases.swift */,
				11FF78FB264C30FD008660C4 /* AppScope.swift */,
				11FF78FD264C5A27008660C4 /* AppColors.swift */,
				11FF7906264C6156008660C4 /* UserDefaultsKeys.swift */,
			);
			path = Helpers;
			sourceTree = "<group>";
		};
		119AB1DA2633466000379CB7 /* Extensions */ = {
			isa = PBXGroup;
			children = (
				11FF78FF264C5ACE008660C4 /* UIColor.swift */,
				119C8926266B997600590CCC /* String.swift */,
			);
			path = Extensions;
			sourceTree = "<group>";
		};
		119AB1DB2633466D00379CB7 /* Factories */ = {
			isa = PBXGroup;
			children = (
				11FF78EF264C21E3008660C4 /* ModulesFactoryProtocols.swift */,
				11FF78F9264C2FB7008660C4 /* ModulesFactory.swift */,
				11FF790A264C660E008660C4 /* CoordinatorFactoryProtocol.swift */,
				11FF790C264C6A4E008660C4 /* CoordinatorFactory.swift */,
			);
			path = Factories;
			sourceTree = "<group>";
		};
		119AB1DC2633467500379CB7 /* Services */ = {
			isa = PBXGroup;
			children = (
			);
			path = Services;
			sourceTree = "<group>";
		};
		119AB1DD2633467D00379CB7 /* ApiLibrary */ = {
			isa = PBXGroup;
			children = (
			);
			path = ApiLibrary;
			sourceTree = "<group>";
		};
		119AB1DE2633468600379CB7 /* Models */ = {
			isa = PBXGroup;
			children = (
				119AB1E726334A4A00379CB7 /* MyCar.xcdatamodeld */,
			);
			path = Models;
			sourceTree = "<group>";
		};
		119AB1DF2633469600379CB7 /* Modules */ = {
			isa = PBXGroup;
			children = (
				119AB1E0263346B400379CB7 /* TabBar */,
			);
			path = Modules;
			sourceTree = "<group>";
		};
		119AB1E0263346B400379CB7 /* TabBar */ = {
			isa = PBXGroup;
			children = (
				11FF78E9264C18EA008660C4 /* TabBarCoordinator.swift */,
				11FF78E7264C18DF008660C4 /* TabBarController.swift */,
				11FF78E5264C18D2008660C4 /* TabBarPresenter.swift */,
				11FF78E3264C18C8008660C4 /* TabBarInteractor.swift */,
				11FF78E1264C18A9008660C4 /* TabBarAssembly.swift */,
				11FF78DF264C1893008660C4 /* TabBarProtocols.swift */,
			);
			path = TabBar;
			sourceTree = "<group>";
		};
		119C8923266B994A00590CCC /* Text */ = {
			isa = PBXGroup;
			children = (
				119C8924266B995700590CCC /* Text.swift */,
				119C8928266B9D4700590CCC /* Shared.swift */,
			);
			path = Text;
			sourceTree = "<group>";
		};
		335D7893A0AA8D56B29ABEA5 /* Pods */ = {
			isa = PBXGroup;
			children = (
				C1D6714D17C026A9552F06C5 /* Pods-MyCar.debug.xcconfig */,
				079A4F4431A51C698070954F /* Pods-MyCar.release.xcconfig */,
				3EF8E4AD6F33627FA131ED7B /* Pods-MyCar-MyCarUITests.debug.xcconfig */,
				B46418253DFFC9D3F1A60903 /* Pods-MyCar-MyCarUITests.release.xcconfig */,
				C707FED61212E71A470F5007 /* Pods-MyCarTests.debug.xcconfig */,
				29B05698CB092FEF7AB188C2 /* Pods-MyCarTests.release.xcconfig */,
			);
			path = Pods;
			sourceTree = "<group>";
		};
		686B6A4648EAE53B3C64AA5E /* Frameworks */ = {
			isa = PBXGroup;
			children = (
				44C7AB8D697E8C54AF19A0B0 /* Pods_MyCar.framework */,
				F038BAC381D3927A6F172FBB /* Pods_MyCar_MyCarUITests.framework */,
				0171AD3D863509F430F2BB46 /* Pods_MyCarTests.framework */,
			);
			name = Frameworks;
			sourceTree = "<group>";
		};
/* End PBXGroup section */

/* Begin PBXNativeTarget section */
		119AB1762633405E00379CB7 /* MyCar */ = {
			isa = PBXNativeTarget;
			buildConfigurationList = 119AB1A42633405F00379CB7 /* Build configuration list for PBXNativeTarget "MyCar" */;
			buildPhases = (
				7F97035FC156583B7E6DF6E7 /* [CP] Check Pods Manifest.lock */,
				119AB1732633405E00379CB7 /* Sources */,
				119AB1742633405E00379CB7 /* Frameworks */,
				119AB1752633405E00379CB7 /* Resources */,
				119AB1F326334E5C00379CB7 /* SwiftLint */,
			);
			buildRules = (
			);
			dependencies = (
			);
			name = MyCar;
			productName = MyCar;
			productReference = 119AB1772633405E00379CB7 /* MyCar.app */;
			productType = "com.apple.product-type.application";
		};
		119AB18F2633405F00379CB7 /* MyCarTests */ = {
			isa = PBXNativeTarget;
			buildConfigurationList = 119AB1A72633405F00379CB7 /* Build configuration list for PBXNativeTarget "MyCarTests" */;
			buildPhases = (
				632DFAB6F1AA0D4C9B78C661 /* [CP] Check Pods Manifest.lock */,
				119AB18C2633405F00379CB7 /* Sources */,
				119AB18D2633405F00379CB7 /* Frameworks */,
				119AB18E2633405F00379CB7 /* Resources */,
			);
			buildRules = (
			);
			dependencies = (
				119AB1922633405F00379CB7 /* PBXTargetDependency */,
			);
			name = MyCarTests;
			productName = MyCarTests;
			productReference = 119AB1902633405F00379CB7 /* MyCarTests.xctest */;
			productType = "com.apple.product-type.bundle.unit-test";
		};
		119AB19A2633405F00379CB7 /* MyCarUITests */ = {
			isa = PBXNativeTarget;
			buildConfigurationList = 119AB1AA2633405F00379CB7 /* Build configuration list for PBXNativeTarget "MyCarUITests" */;
			buildPhases = (
				B68191DE1173777C0B7D1DAE /* [CP] Check Pods Manifest.lock */,
				119AB1972633405F00379CB7 /* Sources */,
				119AB1982633405F00379CB7 /* Frameworks */,
				119AB1992633405F00379CB7 /* Resources */,
			);
			buildRules = (
			);
			dependencies = (
				119AB19D2633405F00379CB7 /* PBXTargetDependency */,
			);
			name = MyCarUITests;
			productName = MyCarUITests;
			productReference = 119AB19B2633405F00379CB7 /* MyCarUITests.xctest */;
			productType = "com.apple.product-type.bundle.ui-testing";
		};
/* End PBXNativeTarget section */

/* Begin PBXProject section */
		119AB16F2633405E00379CB7 /* Project object */ = {
			isa = PBXProject;
			attributes = {
				LastSwiftUpdateCheck = 1240;
				LastUpgradeCheck = 1240;
				TargetAttributes = {
					119AB1762633405E00379CB7 = {
						CreatedOnToolsVersion = 12.4;
					};
					119AB18F2633405F00379CB7 = {
						CreatedOnToolsVersion = 12.4;
						TestTargetID = 119AB1762633405E00379CB7;
					};
					119AB19A2633405F00379CB7 = {
						CreatedOnToolsVersion = 12.4;
						TestTargetID = 119AB1762633405E00379CB7;
					};
				};
			};
			buildConfigurationList = 119AB1722633405E00379CB7 /* Build configuration list for PBXProject "MyCar" */;
			compatibilityVersion = "Xcode 9.3";
			developmentRegion = en;
			hasScannedForEncodings = 0;
			knownRegions = (
				en,
				Base,
				ru,
			);
			mainGroup = 119AB16E2633405E00379CB7;
			productRefGroup = 119AB1782633405E00379CB7 /* Products */;
			projectDirPath = "";
			projectRoot = "";
			targets = (
				119AB1762633405E00379CB7 /* MyCar */,
				119AB18F2633405F00379CB7 /* MyCarTests */,
				119AB19A2633405F00379CB7 /* MyCarUITests */,
			);
		};
/* End PBXProject section */

/* Begin PBXResourcesBuildPhase section */
		119AB1752633405E00379CB7 /* Resources */ = {
			isa = PBXResourcesBuildPhase;
			buildActionMask = 2147483647;
			files = (
				11FF7903264C5B4B008660C4 /* Colors.xcassets in Resources */,
				119C891E266B8FFA00590CCC /* Localizable.strings in Resources */,
				119AB18A2633405F00379CB7 /* LaunchScreen.storyboard in Resources */,
				119AB1872633405F00379CB7 /* Assets.xcassets in Resources */,
			);
			runOnlyForDeploymentPostprocessing = 0;
		};
		119AB18E2633405F00379CB7 /* Resources */ = {
			isa = PBXResourcesBuildPhase;
			buildActionMask = 2147483647;
			files = (
			);
			runOnlyForDeploymentPostprocessing = 0;
		};
		119AB1992633405F00379CB7 /* Resources */ = {
			isa = PBXResourcesBuildPhase;
			buildActionMask = 2147483647;
			files = (
			);
			runOnlyForDeploymentPostprocessing = 0;
		};
/* End PBXResourcesBuildPhase section */

/* Begin PBXShellScriptBuildPhase section */
		119AB1F326334E5C00379CB7 /* SwiftLint */ = {
			isa = PBXShellScriptBuildPhase;
			buildActionMask = 2147483647;
			files = (
			);
			inputFileListPaths = (
			);
			inputPaths = (
			);
			name = SwiftLint;
			outputFileListPaths = (
			);
			outputPaths = (
			);
			runOnlyForDeploymentPostprocessing = 0;
			shellPath = /bin/sh;
			shellScript = "\"${PODS_ROOT}/SwiftLint/swiftlint\"\n";
		};
		632DFAB6F1AA0D4C9B78C661 /* [CP] Check Pods Manifest.lock */ = {
			isa = PBXShellScriptBuildPhase;
			buildActionMask = 2147483647;
			files = (
			);
			inputFileListPaths = (
			);
			inputPaths = (
				"${PODS_PODFILE_DIR_PATH}/Podfile.lock",
				"${PODS_ROOT}/Manifest.lock",
			);
			name = "[CP] Check Pods Manifest.lock";
			outputFileListPaths = (
			);
			outputPaths = (
				"$(DERIVED_FILE_DIR)/Pods-MyCarTests-checkManifestLockResult.txt",
			);
			runOnlyForDeploymentPostprocessing = 0;
			shellPath = /bin/sh;
			shellScript = "diff \"${PODS_PODFILE_DIR_PATH}/Podfile.lock\" \"${PODS_ROOT}/Manifest.lock\" > /dev/null\nif [ $? != 0 ] ; then\n    # print error to STDERR\n    echo \"error: The sandbox is not in sync with the Podfile.lock. Run 'pod install' or update your CocoaPods installation.\" >&2\n    exit 1\nfi\n# This output is used by Xcode 'outputs' to avoid re-running this script phase.\necho \"SUCCESS\" > \"${SCRIPT_OUTPUT_FILE_0}\"\n";
			showEnvVarsInLog = 0;
		};
		7F97035FC156583B7E6DF6E7 /* [CP] Check Pods Manifest.lock */ = {
			isa = PBXShellScriptBuildPhase;
			buildActionMask = 2147483647;
			files = (
			);
			inputFileListPaths = (
			);
			inputPaths = (
				"${PODS_PODFILE_DIR_PATH}/Podfile.lock",
				"${PODS_ROOT}/Manifest.lock",
			);
			name = "[CP] Check Pods Manifest.lock";
			outputFileListPaths = (
			);
			outputPaths = (
				"$(DERIVED_FILE_DIR)/Pods-MyCar-checkManifestLockResult.txt",
			);
			runOnlyForDeploymentPostprocessing = 0;
			shellPath = /bin/sh;
			shellScript = "diff \"${PODS_PODFILE_DIR_PATH}/Podfile.lock\" \"${PODS_ROOT}/Manifest.lock\" > /dev/null\nif [ $? != 0 ] ; then\n    # print error to STDERR\n    echo \"error: The sandbox is not in sync with the Podfile.lock. Run 'pod install' or update your CocoaPods installation.\" >&2\n    exit 1\nfi\n# This output is used by Xcode 'outputs' to avoid re-running this script phase.\necho \"SUCCESS\" > \"${SCRIPT_OUTPUT_FILE_0}\"\n";
			showEnvVarsInLog = 0;
		};
		B68191DE1173777C0B7D1DAE /* [CP] Check Pods Manifest.lock */ = {
			isa = PBXShellScriptBuildPhase;
			buildActionMask = 2147483647;
			files = (
			);
			inputFileListPaths = (
			);
			inputPaths = (
				"${PODS_PODFILE_DIR_PATH}/Podfile.lock",
				"${PODS_ROOT}/Manifest.lock",
			);
			name = "[CP] Check Pods Manifest.lock";
			outputFileListPaths = (
			);
			outputPaths = (
				"$(DERIVED_FILE_DIR)/Pods-MyCar-MyCarUITests-checkManifestLockResult.txt",
			);
			runOnlyForDeploymentPostprocessing = 0;
			shellPath = /bin/sh;
			shellScript = "diff \"${PODS_PODFILE_DIR_PATH}/Podfile.lock\" \"${PODS_ROOT}/Manifest.lock\" > /dev/null\nif [ $? != 0 ] ; then\n    # print error to STDERR\n    echo \"error: The sandbox is not in sync with the Podfile.lock. Run 'pod install' or update your CocoaPods installation.\" >&2\n    exit 1\nfi\n# This output is used by Xcode 'outputs' to avoid re-running this script phase.\necho \"SUCCESS\" > \"${SCRIPT_OUTPUT_FILE_0}\"\n";
			showEnvVarsInLog = 0;
		};
/* End PBXShellScriptBuildPhase section */

/* Begin PBXSourcesBuildPhase section */
		119AB1732633405E00379CB7 /* Sources */ = {
			isa = PBXSourcesBuildPhase;
			buildActionMask = 2147483647;
			files = (
				11FF78E4264C18C8008660C4 /* TabBarInteractor.swift in Sources */,
				11FF7900264C5ACE008660C4 /* UIColor.swift in Sources */,
				11FF78F6264C2D26008660C4 /* Presentable.swift in Sources */,
				119C8927266B997600590CCC /* String.swift in Sources */,
				11FF78E0264C1893008660C4 /* TabBarProtocols.swift in Sources */,
				11FF78EC264C1984008660C4 /* BaseViewProtocol.swift in Sources */,
				11FF78E2264C18A9008660C4 /* TabBarAssembly.swift in Sources */,
				11FF7909264C6492008660C4 /* AppCoordinator.swift in Sources */,
				11FF78E8264C18DF008660C4 /* TabBarController.swift in Sources */,
				119C8925266B995700590CCC /* Text.swift in Sources */,
				11FF78DE264C1756008660C4 /* Router.swift in Sources */,
				11FF78E6264C18D2008660C4 /* TabBarPresenter.swift in Sources */,
				119AB17B2633405E00379CB7 /* AppDelegate.swift in Sources */,
				11FF78EE264C19E4008660C4 /* AppTypeAliases.swift in Sources */,
				119C8929266B9D4700590CCC /* Shared.swift in Sources */,
				119AB1E926334A4A00379CB7 /* MyCar.xcdatamodeld in Sources */,
				11FF78F8264C2E08008660C4 /* Routable.swift in Sources */,
				11FF78F4264C2C2C008660C4 /* BaseCoordinator.swift in Sources */,
				11FF78FE264C5A27008660C4 /* AppColors.swift in Sources */,
				11FF78EA264C18EA008660C4 /* TabBarCoordinator.swift in Sources */,
				11FF7907264C6156008660C4 /* UserDefaultsKeys.swift in Sources */,
				11FF790B264C660E008660C4 /* CoordinatorFactoryProtocol.swift in Sources */,
				119AB17D2633405E00379CB7 /* SceneDelegate.swift in Sources */,
				11FF78F0264C21E3008660C4 /* ModulesFactoryProtocols.swift in Sources */,
				11FF78FA264C2FB7008660C4 /* ModulesFactory.swift in Sources */,
				11FF78FC264C30FE008660C4 /* AppScope.swift in Sources */,
				11FF78F2264C2BF8008660C4 /* Coordinatable.swift in Sources */,
				11FF790D264C6A4E008660C4 /* CoordinatorFactory.swift in Sources */,
			);
			runOnlyForDeploymentPostprocessing = 0;
		};
		119AB18C2633405F00379CB7 /* Sources */ = {
			isa = PBXSourcesBuildPhase;
			buildActionMask = 2147483647;
			files = (
				119AB1952633405F00379CB7 /* MyCarTests.swift in Sources */,
			);
			runOnlyForDeploymentPostprocessing = 0;
		};
		119AB1972633405F00379CB7 /* Sources */ = {
			isa = PBXSourcesBuildPhase;
			buildActionMask = 2147483647;
			files = (
				119AB1A02633405F00379CB7 /* MyCarUITests.swift in Sources */,
			);
			runOnlyForDeploymentPostprocessing = 0;
		};
/* End PBXSourcesBuildPhase section */

/* Begin PBXTargetDependency section */
		119AB1922633405F00379CB7 /* PBXTargetDependency */ = {
			isa = PBXTargetDependency;
			target = 119AB1762633405E00379CB7 /* MyCar */;
			targetProxy = 119AB1912633405F00379CB7 /* PBXContainerItemProxy */;
		};
		119AB19D2633405F00379CB7 /* PBXTargetDependency */ = {
			isa = PBXTargetDependency;
			target = 119AB1762633405E00379CB7 /* MyCar */;
			targetProxy = 119AB19C2633405F00379CB7 /* PBXContainerItemProxy */;
		};
/* End PBXTargetDependency section */

/* Begin PBXVariantGroup section */
		119AB1882633405F00379CB7 /* LaunchScreen.storyboard */ = {
			isa = PBXVariantGroup;
			children = (
				119AB1892633405F00379CB7 /* Base */,
				119C8921266B901500590CCC /* ru */,
			);
			name = LaunchScreen.storyboard;
			sourceTree = "<group>";
		};
		119C8920266B8FFA00590CCC /* Localizable.strings */ = {
			isa = PBXVariantGroup;
			children = (
				119C891F266B8FFA00590CCC /* en */,
				119C8922266B901500590CCC /* ru */,
			);
			name = Localizable.strings;
			sourceTree = "<group>";
		};
/* End PBXVariantGroup section */

/* Begin XCBuildConfiguration section */
		119AB1A22633405F00379CB7 /* Debug */ = {
			isa = XCBuildConfiguration;
			buildSettings = {
				ALWAYS_SEARCH_USER_PATHS = NO;
				CLANG_ANALYZER_LOCALIZABILITY_NONLOCALIZED = YES;
				CLANG_ANALYZER_NONNULL = YES;
				CLANG_ANALYZER_NUMBER_OBJECT_CONVERSION = YES_AGGRESSIVE;
				CLANG_CXX_LANGUAGE_STANDARD = "gnu++14";
				CLANG_CXX_LIBRARY = "libc++";
				CLANG_ENABLE_MODULES = YES;
				CLANG_ENABLE_OBJC_ARC = YES;
				CLANG_ENABLE_OBJC_WEAK = YES;
				CLANG_WARN_BLOCK_CAPTURE_AUTORELEASING = YES;
				CLANG_WARN_BOOL_CONVERSION = YES;
				CLANG_WARN_COMMA = YES;
				CLANG_WARN_CONSTANT_CONVERSION = YES;
				CLANG_WARN_DEPRECATED_OBJC_IMPLEMENTATIONS = YES;
				CLANG_WARN_DIRECT_OBJC_ISA_USAGE = YES_ERROR;
				CLANG_WARN_DOCUMENTATION_COMMENTS = YES;
				CLANG_WARN_EMPTY_BODY = YES;
				CLANG_WARN_ENUM_CONVERSION = YES;
				CLANG_WARN_INFINITE_RECURSION = YES;
				CLANG_WARN_INT_CONVERSION = YES;
				CLANG_WARN_NON_LITERAL_NULL_CONVERSION = YES;
				CLANG_WARN_OBJC_IMPLICIT_RETAIN_SELF = YES;
				CLANG_WARN_OBJC_LITERAL_CONVERSION = YES;
				CLANG_WARN_OBJC_ROOT_CLASS = YES_ERROR;
				CLANG_WARN_QUOTED_INCLUDE_IN_FRAMEWORK_HEADER = YES;
				CLANG_WARN_RANGE_LOOP_ANALYSIS = YES;
				CLANG_WARN_STRICT_PROTOTYPES = YES;
				CLANG_WARN_SUSPICIOUS_MOVE = YES;
				CLANG_WARN_UNGUARDED_AVAILABILITY = YES_AGGRESSIVE;
				CLANG_WARN_UNREACHABLE_CODE = YES;
				CLANG_WARN__DUPLICATE_METHOD_MATCH = YES;
				COPY_PHASE_STRIP = NO;
				DEBUG_INFORMATION_FORMAT = dwarf;
				ENABLE_STRICT_OBJC_MSGSEND = YES;
				ENABLE_TESTABILITY = YES;
				GCC_C_LANGUAGE_STANDARD = gnu11;
				GCC_DYNAMIC_NO_PIC = NO;
				GCC_NO_COMMON_BLOCKS = YES;
				GCC_OPTIMIZATION_LEVEL = 0;
				GCC_PREPROCESSOR_DEFINITIONS = (
					"DEBUG=1",
					"$(inherited)",
				);
				GCC_WARN_64_TO_32_BIT_CONVERSION = YES;
				GCC_WARN_ABOUT_RETURN_TYPE = YES_ERROR;
				GCC_WARN_UNDECLARED_SELECTOR = YES;
				GCC_WARN_UNINITIALIZED_AUTOS = YES_AGGRESSIVE;
				GCC_WARN_UNUSED_FUNCTION = YES;
				GCC_WARN_UNUSED_VARIABLE = YES;
				IPHONEOS_DEPLOYMENT_TARGET = 12.4;
				MTL_ENABLE_DEBUG_INFO = INCLUDE_SOURCE;
				MTL_FAST_MATH = YES;
				ONLY_ACTIVE_ARCH = YES;
				SDKROOT = iphoneos;
				SWIFT_ACTIVE_COMPILATION_CONDITIONS = DEBUG;
				SWIFT_OPTIMIZATION_LEVEL = "-Onone";
			};
			name = Debug;
		};
		119AB1A32633405F00379CB7 /* Release */ = {
			isa = XCBuildConfiguration;
			buildSettings = {
				ALWAYS_SEARCH_USER_PATHS = NO;
				CLANG_ANALYZER_LOCALIZABILITY_NONLOCALIZED = YES;
				CLANG_ANALYZER_NONNULL = YES;
				CLANG_ANALYZER_NUMBER_OBJECT_CONVERSION = YES_AGGRESSIVE;
				CLANG_CXX_LANGUAGE_STANDARD = "gnu++14";
				CLANG_CXX_LIBRARY = "libc++";
				CLANG_ENABLE_MODULES = YES;
				CLANG_ENABLE_OBJC_ARC = YES;
				CLANG_ENABLE_OBJC_WEAK = YES;
				CLANG_WARN_BLOCK_CAPTURE_AUTORELEASING = YES;
				CLANG_WARN_BOOL_CONVERSION = YES;
				CLANG_WARN_COMMA = YES;
				CLANG_WARN_CONSTANT_CONVERSION = YES;
				CLANG_WARN_DEPRECATED_OBJC_IMPLEMENTATIONS = YES;
				CLANG_WARN_DIRECT_OBJC_ISA_USAGE = YES_ERROR;
				CLANG_WARN_DOCUMENTATION_COMMENTS = YES;
				CLANG_WARN_EMPTY_BODY = YES;
				CLANG_WARN_ENUM_CONVERSION = YES;
				CLANG_WARN_INFINITE_RECURSION = YES;
				CLANG_WARN_INT_CONVERSION = YES;
				CLANG_WARN_NON_LITERAL_NULL_CONVERSION = YES;
				CLANG_WARN_OBJC_IMPLICIT_RETAIN_SELF = YES;
				CLANG_WARN_OBJC_LITERAL_CONVERSION = YES;
				CLANG_WARN_OBJC_ROOT_CLASS = YES_ERROR;
				CLANG_WARN_QUOTED_INCLUDE_IN_FRAMEWORK_HEADER = YES;
				CLANG_WARN_RANGE_LOOP_ANALYSIS = YES;
				CLANG_WARN_STRICT_PROTOTYPES = YES;
				CLANG_WARN_SUSPICIOUS_MOVE = YES;
				CLANG_WARN_UNGUARDED_AVAILABILITY = YES_AGGRESSIVE;
				CLANG_WARN_UNREACHABLE_CODE = YES;
				CLANG_WARN__DUPLICATE_METHOD_MATCH = YES;
				COPY_PHASE_STRIP = NO;
				DEBUG_INFORMATION_FORMAT = "dwarf-with-dsym";
				ENABLE_NS_ASSERTIONS = NO;
				ENABLE_STRICT_OBJC_MSGSEND = YES;
				GCC_C_LANGUAGE_STANDARD = gnu11;
				GCC_NO_COMMON_BLOCKS = YES;
				GCC_WARN_64_TO_32_BIT_CONVERSION = YES;
				GCC_WARN_ABOUT_RETURN_TYPE = YES_ERROR;
				GCC_WARN_UNDECLARED_SELECTOR = YES;
				GCC_WARN_UNINITIALIZED_AUTOS = YES_AGGRESSIVE;
				GCC_WARN_UNUSED_FUNCTION = YES;
				GCC_WARN_UNUSED_VARIABLE = YES;
				IPHONEOS_DEPLOYMENT_TARGET = 12.4;
				MTL_ENABLE_DEBUG_INFO = NO;
				MTL_FAST_MATH = YES;
				SDKROOT = iphoneos;
				SWIFT_COMPILATION_MODE = wholemodule;
				SWIFT_OPTIMIZATION_LEVEL = "-O";
				VALIDATE_PRODUCT = YES;
			};
			name = Release;
		};
		119AB1A52633405F00379CB7 /* Debug */ = {
			isa = XCBuildConfiguration;
			baseConfigurationReference = C1D6714D17C026A9552F06C5 /* Pods-MyCar.debug.xcconfig */;
			buildSettings = {
				ASSETCATALOG_COMPILER_APPICON_NAME = AppIcon;
				ASSETCATALOG_COMPILER_GLOBAL_ACCENT_COLOR_NAME = AccentColor;
				CODE_SIGN_STYLE = Automatic;
				DEVELOPMENT_TEAM = RTLGBYJM5X;
				INFOPLIST_FILE = MyCar/Application/Info.plist;
				IPHONEOS_DEPLOYMENT_TARGET = 12.4;
				LD_RUNPATH_SEARCH_PATHS = (
					"$(inherited)",
					"@executable_path/Frameworks",
				);
				PRODUCT_BUNDLE_IDENTIFIER = ru.MyCar;
				PRODUCT_NAME = "$(TARGET_NAME)";
				SWIFT_VERSION = 5.0;
				TARGETED_DEVICE_FAMILY = 1;
			};
			name = Debug;
		};
		119AB1A62633405F00379CB7 /* Release */ = {
			isa = XCBuildConfiguration;
			baseConfigurationReference = 079A4F4431A51C698070954F /* Pods-MyCar.release.xcconfig */;
			buildSettings = {
				ASSETCATALOG_COMPILER_APPICON_NAME = AppIcon;
				ASSETCATALOG_COMPILER_GLOBAL_ACCENT_COLOR_NAME = AccentColor;
				CODE_SIGN_STYLE = Automatic;
				DEVELOPMENT_TEAM = RTLGBYJM5X;
				INFOPLIST_FILE = MyCar/Application/Info.plist;
				IPHONEOS_DEPLOYMENT_TARGET = 12.3;
				LD_RUNPATH_SEARCH_PATHS = (
					"$(inherited)",
					"@executable_path/Frameworks",
				);
				PRODUCT_BUNDLE_IDENTIFIER = ru.MyCar;
				PRODUCT_NAME = "$(TARGET_NAME)";
				SWIFT_VERSION = 5.0;
				TARGETED_DEVICE_FAMILY = 1;
			};
			name = Release;
		};
		119AB1A82633405F00379CB7 /* Debug */ = {
			isa = XCBuildConfiguration;
			baseConfigurationReference = C707FED61212E71A470F5007 /* Pods-MyCarTests.debug.xcconfig */;
			buildSettings = {
				ALWAYS_EMBED_SWIFT_STANDARD_LIBRARIES = YES;
				BUNDLE_LOADER = "$(TEST_HOST)";
				CODE_SIGN_STYLE = Automatic;
				DEVELOPMENT_TEAM = RTLGBYJM5X;
				INFOPLIST_FILE = MyCarTests/Info.plist;
				IPHONEOS_DEPLOYMENT_TARGET = 14.4;
				LD_RUNPATH_SEARCH_PATHS = (
					"$(inherited)",
					"@executable_path/Frameworks",
					"@loader_path/Frameworks",
				);
				PRODUCT_BUNDLE_IDENTIFIER = ru.NikitaKosolapov.MyCarTests;
				PRODUCT_NAME = "$(TARGET_NAME)";
				SWIFT_VERSION = 5.0;
				TARGETED_DEVICE_FAMILY = "1,2";
				TEST_HOST = "$(BUILT_PRODUCTS_DIR)/MyCar.app/MyCar";
			};
			name = Debug;
		};
		119AB1A92633405F00379CB7 /* Release */ = {
			isa = XCBuildConfiguration;
			baseConfigurationReference = 29B05698CB092FEF7AB188C2 /* Pods-MyCarTests.release.xcconfig */;
			buildSettings = {
				ALWAYS_EMBED_SWIFT_STANDARD_LIBRARIES = YES;
				BUNDLE_LOADER = "$(TEST_HOST)";
				CODE_SIGN_STYLE = Automatic;
				DEVELOPMENT_TEAM = RTLGBYJM5X;
				INFOPLIST_FILE = MyCarTests/Info.plist;
				IPHONEOS_DEPLOYMENT_TARGET = 14.4;
				LD_RUNPATH_SEARCH_PATHS = (
					"$(inherited)",
					"@executable_path/Frameworks",
					"@loader_path/Frameworks",
				);
				PRODUCT_BUNDLE_IDENTIFIER = ru.NikitaKosolapov.MyCarTests;
				PRODUCT_NAME = "$(TARGET_NAME)";
				SWIFT_VERSION = 5.0;
				TARGETED_DEVICE_FAMILY = "1,2";
				TEST_HOST = "$(BUILT_PRODUCTS_DIR)/MyCar.app/MyCar";
			};
			name = Release;
		};
		119AB1AB2633405F00379CB7 /* Debug */ = {
			isa = XCBuildConfiguration;
			baseConfigurationReference = 3EF8E4AD6F33627FA131ED7B /* Pods-MyCar-MyCarUITests.debug.xcconfig */;
			buildSettings = {
				ALWAYS_EMBED_SWIFT_STANDARD_LIBRARIES = YES;
				CODE_SIGN_STYLE = Automatic;
				DEVELOPMENT_TEAM = RTLGBYJM5X;
				INFOPLIST_FILE = MyCarUITests/Info.plist;
				LD_RUNPATH_SEARCH_PATHS = (
					"$(inherited)",
					"@executable_path/Frameworks",
					"@loader_path/Frameworks",
				);
				PRODUCT_BUNDLE_IDENTIFIER = ru.NikitaKosolapov.MyCarUITests;
				PRODUCT_NAME = "$(TARGET_NAME)";
				SWIFT_VERSION = 5.0;
				TARGETED_DEVICE_FAMILY = "1,2";
				TEST_TARGET_NAME = MyCar;
			};
			name = Debug;
		};
		119AB1AC2633405F00379CB7 /* Release */ = {
			isa = XCBuildConfiguration;
			baseConfigurationReference = B46418253DFFC9D3F1A60903 /* Pods-MyCar-MyCarUITests.release.xcconfig */;
			buildSettings = {
				ALWAYS_EMBED_SWIFT_STANDARD_LIBRARIES = YES;
				CODE_SIGN_STYLE = Automatic;
				DEVELOPMENT_TEAM = RTLGBYJM5X;
				INFOPLIST_FILE = MyCarUITests/Info.plist;
				LD_RUNPATH_SEARCH_PATHS = (
					"$(inherited)",
					"@executable_path/Frameworks",
					"@loader_path/Frameworks",
				);
				PRODUCT_BUNDLE_IDENTIFIER = ru.NikitaKosolapov.MyCarUITests;
				PRODUCT_NAME = "$(TARGET_NAME)";
				SWIFT_VERSION = 5.0;
				TARGETED_DEVICE_FAMILY = "1,2";
				TEST_TARGET_NAME = MyCar;
			};
			name = Release;
		};
/* End XCBuildConfiguration section */

/* Begin XCConfigurationList section */
		119AB1722633405E00379CB7 /* Build configuration list for PBXProject "MyCar" */ = {
			isa = XCConfigurationList;
			buildConfigurations = (
				119AB1A22633405F00379CB7 /* Debug */,
				119AB1A32633405F00379CB7 /* Release */,
			);
			defaultConfigurationIsVisible = 0;
			defaultConfigurationName = Release;
		};
		119AB1A42633405F00379CB7 /* Build configuration list for PBXNativeTarget "MyCar" */ = {
			isa = XCConfigurationList;
			buildConfigurations = (
				119AB1A52633405F00379CB7 /* Debug */,
				119AB1A62633405F00379CB7 /* Release */,
			);
			defaultConfigurationIsVisible = 0;
			defaultConfigurationName = Release;
		};
		119AB1A72633405F00379CB7 /* Build configuration list for PBXNativeTarget "MyCarTests" */ = {
			isa = XCConfigurationList;
			buildConfigurations = (
				119AB1A82633405F00379CB7 /* Debug */,
				119AB1A92633405F00379CB7 /* Release */,
			);
			defaultConfigurationIsVisible = 0;
			defaultConfigurationName = Release;
		};
		119AB1AA2633405F00379CB7 /* Build configuration list for PBXNativeTarget "MyCarUITests" */ = {
			isa = XCConfigurationList;
			buildConfigurations = (
				119AB1AB2633405F00379CB7 /* Debug */,
				119AB1AC2633405F00379CB7 /* Release */,
			);
			defaultConfigurationIsVisible = 0;
			defaultConfigurationName = Release;
		};
/* End XCConfigurationList section */

/* Begin XCVersionGroup section */
		119AB1E726334A4A00379CB7 /* MyCar.xcdatamodeld */ = {
			isa = XCVersionGroup;
			children = (
				119AB1E826334A4A00379CB7 /* MyCar.xcdatamodel */,
			);
			currentVersion = 119AB1E826334A4A00379CB7 /* MyCar.xcdatamodel */;
			name = MyCar.xcdatamodeld;
			path = ../../MyCar.xcdatamodeld;
			sourceTree = "<group>";
			versionGroupType = wrapper.xcdatamodel;
		};
/* End XCVersionGroup section */
	};
	rootObject = 119AB16F2633405E00379CB7 /* Project object */;
}
