// !$*UTF8*$!
{
	archiveVersion = 1;
	classes = {
	};
	objectVersion = 51;
	objects = {

/* Begin PBXBuildFile section */
		0B43E6BE1EE44580A0B3DFB7 /* NotificationsProtocols.swift in Sources */ = {isa = PBXBuildFile; fileRef = 5691F95B6E96EF70B8C3D0C4 /* NotificationsProtocols.swift */; };
		0EB1CC84385C211A4FB8E61F /* MenuAssembly.swift in Sources */ = {isa = PBXBuildFile; fileRef = C4899F51185C6DBF3608ABB8 /* MenuAssembly.swift */; };
		1105B8E3268CC197008603E9 /* CoreDataServiceTests.swift in Sources */ = {isa = PBXBuildFile; fileRef = 1105B8E2268CC197008603E9 /* CoreDataServiceTests.swift */; };
		1105B8E6268D0A24008603E9 /* Car+CoreDataClass.swift in Sources */ = {isa = PBXBuildFile; fileRef = 1105B8E4268D0A24008603E9 /* Car+CoreDataClass.swift */; };
		1105B8E7268D0A24008603E9 /* Car+CoreDataProperties.swift in Sources */ = {isa = PBXBuildFile; fileRef = 1105B8E5268D0A24008603E9 /* Car+CoreDataProperties.swift */; };
		1183272426E6AAF700826E1C /* R.generated.swift in Sources */ = {isa = PBXBuildFile; fileRef = 1183272326E6AAF700826E1C /* R.generated.swift */; };
		118592F2EFC9C3793C477635 /* CarDetailInteractor.swift in Sources */ = {isa = PBXBuildFile; fileRef = 8332776DF1C543AC38389445 /* CarDetailInteractor.swift */; };
		119AB17B2633405E00379CB7 /* AppDelegate.swift in Sources */ = {isa = PBXBuildFile; fileRef = 119AB17A2633405E00379CB7 /* AppDelegate.swift */; };
		119AB17D2633405E00379CB7 /* SceneDelegate.swift in Sources */ = {isa = PBXBuildFile; fileRef = 119AB17C2633405E00379CB7 /* SceneDelegate.swift */; };
		119AB1872633405F00379CB7 /* Assets.xcassets in Resources */ = {isa = PBXBuildFile; fileRef = 119AB1862633405F00379CB7 /* Assets.xcassets */; };
		119AB18A2633405F00379CB7 /* LaunchScreen.storyboard in Resources */ = {isa = PBXBuildFile; fileRef = 119AB1882633405F00379CB7 /* LaunchScreen.storyboard */; };
		119AB1A02633405F00379CB7 /* MyCarUITests.swift in Sources */ = {isa = PBXBuildFile; fileRef = 119AB19F2633405F00379CB7 /* MyCarUITests.swift */; };
		119AB1E926334A4A00379CB7 /* MyCar.xcdatamodeld in Sources */ = {isa = PBXBuildFile; fileRef = 119AB1E726334A4A00379CB7 /* MyCar.xcdatamodeld */; };
		119C891E266B8FFA00590CCC /* Localizable.strings in Resources */ = {isa = PBXBuildFile; fileRef = 119C8920266B8FFA00590CCC /* Localizable.strings */; };
		119C8925266B995700590CCC /* Text.swift in Sources */ = {isa = PBXBuildFile; fileRef = 119C8924266B995700590CCC /* Text.swift */; };
		119C8927266B997600590CCC /* String.swift in Sources */ = {isa = PBXBuildFile; fileRef = 119C8926266B997600590CCC /* String.swift */; };
		119C8929266B9D4700590CCC /* Shared.swift in Sources */ = {isa = PBXBuildFile; fileRef = 119C8928266B9D4700590CCC /* Shared.swift */; };
		119C892C266BC21400590CCC /* GarageController.swift in Sources */ = {isa = PBXBuildFile; fileRef = 119C892B266BC21400590CCC /* GarageController.swift */; };
		119C892E266BC22300590CCC /* GaragePresenter.swift in Sources */ = {isa = PBXBuildFile; fileRef = 119C892D266BC22300590CCC /* GaragePresenter.swift */; };
		119C8930266BC23E00590CCC /* GarageInteractor.swift in Sources */ = {isa = PBXBuildFile; fileRef = 119C892F266BC23E00590CCC /* GarageInteractor.swift */; };
		119C8932266BC24B00590CCC /* GarageDataProvider.swift in Sources */ = {isa = PBXBuildFile; fileRef = 119C8931266BC24B00590CCC /* GarageDataProvider.swift */; };
		119C8934266BC25800590CCC /* GarageAssembly.swift in Sources */ = {isa = PBXBuildFile; fileRef = 119C8933266BC25800590CCC /* GarageAssembly.swift */; };
		119C8936266BC26300590CCC /* GarageProtocols.swift in Sources */ = {isa = PBXBuildFile; fileRef = 119C8935266BC26300590CCC /* GarageProtocols.swift */; };
		119C8938266CC14900590CCC /* BaseController.swift in Sources */ = {isa = PBXBuildFile; fileRef = 119C8937266CC14900590CCC /* BaseController.swift */; };
		119C893A266CC3E000590CCC /* GarageCoordinator.swift in Sources */ = {isa = PBXBuildFile; fileRef = 119C8939266CC3E000590CCC /* GarageCoordinator.swift */; };
		119C893C266CCD1000590CCC /* AppNavigationController.swift in Sources */ = {isa = PBXBuildFile; fileRef = 119C893B266CCD1000590CCC /* AppNavigationController.swift */; };
		119C893E266D03CC00590CCC /* UserDefaultsService.swift in Sources */ = {isa = PBXBuildFile; fileRef = 119C893D266D03CC00590CCC /* UserDefaultsService.swift */; };
		119C8945266D3E3000590CCC /* CoreDataService.swift in Sources */ = {isa = PBXBuildFile; fileRef = 119C8944266D3E3000590CCC /* CoreDataService.swift */; };
		119C894F266D5B3900590CCC /* NSObject.swift in Sources */ = {isa = PBXBuildFile; fileRef = 119C894E266D5B3900590CCC /* NSObject.swift */; };
		11FF78DE264C1756008660C4 /* Router.swift in Sources */ = {isa = PBXBuildFile; fileRef = 11FF78DD264C1756008660C4 /* Router.swift */; };
		11FF78E0264C1893008660C4 /* TabBarProtocols.swift in Sources */ = {isa = PBXBuildFile; fileRef = 11FF78DF264C1893008660C4 /* TabBarProtocols.swift */; };
		11FF78E2264C18A9008660C4 /* TabBarAssembly.swift in Sources */ = {isa = PBXBuildFile; fileRef = 11FF78E1264C18A9008660C4 /* TabBarAssembly.swift */; };
		11FF78E4264C18C8008660C4 /* TabBarInteractor.swift in Sources */ = {isa = PBXBuildFile; fileRef = 11FF78E3264C18C8008660C4 /* TabBarInteractor.swift */; };
		11FF78E6264C18D2008660C4 /* TabBarPresenter.swift in Sources */ = {isa = PBXBuildFile; fileRef = 11FF78E5264C18D2008660C4 /* TabBarPresenter.swift */; };
		11FF78E8264C18DF008660C4 /* TabBarController.swift in Sources */ = {isa = PBXBuildFile; fileRef = 11FF78E7264C18DF008660C4 /* TabBarController.swift */; };
		11FF78EA264C18EA008660C4 /* TabBarCoordinator.swift in Sources */ = {isa = PBXBuildFile; fileRef = 11FF78E9264C18EA008660C4 /* TabBarCoordinator.swift */; };
		11FF78EC264C1984008660C4 /* BaseViewProtocol.swift in Sources */ = {isa = PBXBuildFile; fileRef = 11FF78EB264C1984008660C4 /* BaseViewProtocol.swift */; };
		11FF78EE264C19E4008660C4 /* AppTypeAliases.swift in Sources */ = {isa = PBXBuildFile; fileRef = 11FF78ED264C19E4008660C4 /* AppTypeAliases.swift */; };
		11FF78F0264C21E3008660C4 /* ModulesFactoryProtocols.swift in Sources */ = {isa = PBXBuildFile; fileRef = 11FF78EF264C21E3008660C4 /* ModulesFactoryProtocols.swift */; };
		11FF78F2264C2BF8008660C4 /* Coordinatable.swift in Sources */ = {isa = PBXBuildFile; fileRef = 11FF78F1264C2BF8008660C4 /* Coordinatable.swift */; };
		11FF78F4264C2C2C008660C4 /* BaseCoordinator.swift in Sources */ = {isa = PBXBuildFile; fileRef = 11FF78F3264C2C2C008660C4 /* BaseCoordinator.swift */; };
		11FF78F6264C2D26008660C4 /* Presentable.swift in Sources */ = {isa = PBXBuildFile; fileRef = 11FF78F5264C2D26008660C4 /* Presentable.swift */; };
		11FF78F8264C2E08008660C4 /* Routable.swift in Sources */ = {isa = PBXBuildFile; fileRef = 11FF78F7264C2E08008660C4 /* Routable.swift */; };
		11FF78FA264C2FB7008660C4 /* ModulesFactory.swift in Sources */ = {isa = PBXBuildFile; fileRef = 11FF78F9264C2FB7008660C4 /* ModulesFactory.swift */; };
		11FF78FC264C30FE008660C4 /* AppScope.swift in Sources */ = {isa = PBXBuildFile; fileRef = 11FF78FB264C30FD008660C4 /* AppScope.swift */; };
		11FF78FE264C5A27008660C4 /* AppColors.swift in Sources */ = {isa = PBXBuildFile; fileRef = 11FF78FD264C5A27008660C4 /* AppColors.swift */; };
		11FF7900264C5ACE008660C4 /* UIColor.swift in Sources */ = {isa = PBXBuildFile; fileRef = 11FF78FF264C5ACE008660C4 /* UIColor.swift */; };
		11FF7903264C5B4B008660C4 /* Colors.xcassets in Resources */ = {isa = PBXBuildFile; fileRef = 11FF7902264C5B4B008660C4 /* Colors.xcassets */; };
		11FF7907264C6156008660C4 /* AppKeys.swift in Sources */ = {isa = PBXBuildFile; fileRef = 11FF7906264C6156008660C4 /* AppKeys.swift */; };
		11FF7909264C6492008660C4 /* AppCoordinator.swift in Sources */ = {isa = PBXBuildFile; fileRef = 11FF7908264C6492008660C4 /* AppCoordinator.swift */; };
		11FF790B264C660E008660C4 /* CoordinatorFactoryProtocol.swift in Sources */ = {isa = PBXBuildFile; fileRef = 11FF790A264C660E008660C4 /* CoordinatorFactoryProtocol.swift */; };
		11FF790D264C6A4E008660C4 /* CoordinatorFactory.swift in Sources */ = {isa = PBXBuildFile; fileRef = 11FF790C264C6A4E008660C4 /* CoordinatorFactory.swift */; };
		174D22CDD48A30DAEB8D80C9 /* ExpendituresDataProvider.swift in Sources */ = {isa = PBXBuildFile; fileRef = AF3D22D4400654A341218000 /* ExpendituresDataProvider.swift */; };
		1A66C8DCF32F50A0CC0C0C18 /* ExpendituresInteractor.swift in Sources */ = {isa = PBXBuildFile; fileRef = B7950DCD359FACE3A6D84CD0 /* ExpendituresInteractor.swift */; };
		1ACFA96AAB2FDF4874A55BF1 /* CarDetailAssembly.swift in Sources */ = {isa = PBXBuildFile; fileRef = EA28E21C6EAA9696E0D88F0D /* CarDetailAssembly.swift */; };
		226141C990A7E27F02E1301F /* NotificationsCoordinator.swift in Sources */ = {isa = PBXBuildFile; fileRef = 5912C244558E8D25F26FFED6 /* NotificationsCoordinator.swift */; };
		23B2D1080B049EEAE2781313 /* MenuController.swift in Sources */ = {isa = PBXBuildFile; fileRef = 2A4156D6BDBAE9EFF74D0D74 /* MenuController.swift */; };
		275587677D9F0C9B4A0AEB59 /* MenuCoordinator.swift in Sources */ = {isa = PBXBuildFile; fileRef = B04609EA4310417C0B1FB4DE /* MenuCoordinator.swift */; };
		2819300C4FA5525DC4C24C23 /* ExpendituresAssembly.swift in Sources */ = {isa = PBXBuildFile; fileRef = 5D33C4DEC3C73919C7771DEF /* ExpendituresAssembly.swift */; };
		286CC6CAA2DF4C8B1B970A7E /* CarDetailProtocols.swift in Sources */ = {isa = PBXBuildFile; fileRef = 214B1F9631176B4D449307E4 /* CarDetailProtocols.swift */; };
		2BFDE5C006DDA667EC03CA37 /* Pods_MyCarTests.framework in Frameworks */ = {isa = PBXBuildFile; fileRef = 0171AD3D863509F430F2BB46 /* Pods_MyCarTests.framework */; };
		31D9846163A1AD9ABB3E7704 /* MenuProtocols.swift in Sources */ = {isa = PBXBuildFile; fileRef = DBEF5F6083EBB231D3AF3F6B /* MenuProtocols.swift */; };
		36A2843703503F452566AB97 /* MaintenanceDetailDataProvider.swift in Sources */ = {isa = PBXBuildFile; fileRef = 26B6C7310CBD819D3914F901 /* MaintenanceDetailDataProvider.swift */; };
		3B47F32D0533A38CD5D690A0 /* MaintenanceDataProvider.swift in Sources */ = {isa = PBXBuildFile; fileRef = 507A527F7166B47C02E8DEF0 /* MaintenanceDataProvider.swift */; };
		42511F4E3E2E0AF1EA1C4F22 /* Pods_MyCar_MyCarUITests.framework in Frameworks */ = {isa = PBXBuildFile; fileRef = F038BAC381D3927A6F172FBB /* Pods_MyCar_MyCarUITests.framework */; };
		45C8AC32F8B25476970D6701 /* MaintenanceCoordinator.swift in Sources */ = {isa = PBXBuildFile; fileRef = 7A997C9BD7FF242B009FFCB1 /* MaintenanceCoordinator.swift */; };
		4709F06C151CD55E76C2B45F /* MenuDataProvider.swift in Sources */ = {isa = PBXBuildFile; fileRef = 42182A3AB5D7E647F23558BD /* MenuDataProvider.swift */; };
		4AF3EDCA536BF4E60C9582A2 /* MaintenanceDetailAssembly.swift in Sources */ = {isa = PBXBuildFile; fileRef = 4BA63FA85E31F70C8BCAD97A /* MaintenanceDetailAssembly.swift */; };
		4CF4D383132ACD57031B74F1 /* MaintenanceDetailController.swift in Sources */ = {isa = PBXBuildFile; fileRef = 5BD35508A042A9397A4027F0 /* MaintenanceDetailController.swift */; };
		54E5BEFD0C6FB976D5FDFDDA /* MaintenanceProtocols.swift in Sources */ = {isa = PBXBuildFile; fileRef = 601A0A3FB3E1DD105B3815B7 /* MaintenanceProtocols.swift */; };
		5F5ABA756E245A87D9CD78E7 /* NotificationsController.swift in Sources */ = {isa = PBXBuildFile; fileRef = 454F751BCABC946D52DEC696 /* NotificationsController.swift */; };
		6C4EFEECA829F248EA19AFD5 /* ExpendituresProtocols.swift in Sources */ = {isa = PBXBuildFile; fileRef = 579EEB9F1EC855415971533C /* ExpendituresProtocols.swift */; };
		7784900E03FADF27BA6A282D /* NotificationsPresenter.swift in Sources */ = {isa = PBXBuildFile; fileRef = 068500140B5C1348DB1B0FC6 /* NotificationsPresenter.swift */; };
		7BF4004E0728C73689A1826A /* MenuPresenter.swift in Sources */ = {isa = PBXBuildFile; fileRef = E90BE925F9B8BF35B149EAF4 /* MenuPresenter.swift */; };
		80FDE77B955E1BC5B4FDB59C /* ExpendituresController.swift in Sources */ = {isa = PBXBuildFile; fileRef = 9B95C8B284DF2CE791616579 /* ExpendituresController.swift */; };
		89419673B428AF3635535E94 /* ExpendituresPresenter.swift in Sources */ = {isa = PBXBuildFile; fileRef = 62F2F67E84831DC5B64665A4 /* ExpendituresPresenter.swift */; };
		8AA26A0289AFCFFFB7783F92 /* NotificationsDataProvider.swift in Sources */ = {isa = PBXBuildFile; fileRef = 7799E26BECF294F808DCB419 /* NotificationsDataProvider.swift */; };
		91BC24065A9E7BCA864B4558 /* MaintenanceDetailInteractor.swift in Sources */ = {isa = PBXBuildFile; fileRef = 31D1E109E7D1CF456D6EE91C /* MaintenanceDetailInteractor.swift */; };
		9A0EBBD63E45D67B67CC0FCA /* MaintenanceDetailPresenter.swift in Sources */ = {isa = PBXBuildFile; fileRef = 53E0DB01AF974213024BBD6C /* MaintenanceDetailPresenter.swift */; };
		9D5D9C7724617AF60B4387BB /* MaintenanceDetailProtocols.swift in Sources */ = {isa = PBXBuildFile; fileRef = 33D9412E49420B831B3CC3AC /* MaintenanceDetailProtocols.swift */; };
		A0B40968EDA225D40F3CA68E /* ExpendituresCoordinator.swift in Sources */ = {isa = PBXBuildFile; fileRef = 0076A88810354888973AD511 /* ExpendituresCoordinator.swift */; };
		A63C2474C742B573CFCBADB5 /* MenuInteractor.swift in Sources */ = {isa = PBXBuildFile; fileRef = 4BE7E1CA9338215B358B2CAF /* MenuInteractor.swift */; };
		A9A4592B18C0F7BE20E3CC62 /* MaintenanceController.swift in Sources */ = {isa = PBXBuildFile; fileRef = 0DCE32075D2E91578A5289F6 /* MaintenanceController.swift */; };
		B3409F314BEC91D7A54B66C8 /* MaintenanceAssembly.swift in Sources */ = {isa = PBXBuildFile; fileRef = 2ABECD515D8A86867B0235A5 /* MaintenanceAssembly.swift */; };
		B6E9BB2423D755D9FCF03BD0 /* CarDetailPresenter.swift in Sources */ = {isa = PBXBuildFile; fileRef = 354F404C9BD2D044E7784162 /* CarDetailPresenter.swift */; };
		C8AC58917EFC5B24A6A73A91 /* MaintenanceInteractor.swift in Sources */ = {isa = PBXBuildFile; fileRef = 6572471D8E855A5B7D119D85 /* MaintenanceInteractor.swift */; };
		CBBD67D70A256981167E59BC /* MaintenancePresenter.swift in Sources */ = {isa = PBXBuildFile; fileRef = 79DACF62D3B95F4FF8047F3D /* MaintenancePresenter.swift */; };
		CD98F2C0C2A204E05DA1BE05 /* NotificationsInteractor.swift in Sources */ = {isa = PBXBuildFile; fileRef = 558AEB78345981D4EA0E0A1A /* NotificationsInteractor.swift */; };
		D27C53C1CA015A17E6DDF9E9 /* CarDetailController.swift in Sources */ = {isa = PBXBuildFile; fileRef = F0F04DB81263381423E409CB /* CarDetailController.swift */; };
		E49A6763FF6C4743D6146C4F /* Pods_MyCar.framework in Frameworks */ = {isa = PBXBuildFile; fileRef = 44C7AB8D697E8C54AF19A0B0 /* Pods_MyCar.framework */; };
		EA639879952827A74CAE136F /* CarDetailDataProvider.swift in Sources */ = {isa = PBXBuildFile; fileRef = ABDD9AB10C7E30B06A31CD15 /* CarDetailDataProvider.swift */; };
		FAAA11C9F879A40FF9B3E8E4 /* NotificationsAssembly.swift in Sources */ = {isa = PBXBuildFile; fileRef = 0724626C21BEA92A74371D99 /* NotificationsAssembly.swift */; };
/* End PBXBuildFile section */

/* Begin PBXContainerItemProxy section */
		119AB1912633405F00379CB7 /* PBXContainerItemProxy */ = {
			isa = PBXContainerItemProxy;
			containerPortal = 119AB16F2633405E00379CB7 /* Project object */;
			proxyType = 1;
			remoteGlobalIDString = 119AB1762633405E00379CB7;
			remoteInfo = MyCar;
		};
		119AB19C2633405F00379CB7 /* PBXContainerItemProxy */ = {
			isa = PBXContainerItemProxy;
			containerPortal = 119AB16F2633405E00379CB7 /* Project object */;
			proxyType = 1;
			remoteGlobalIDString = 119AB1762633405E00379CB7;
			remoteInfo = MyCar;
		};
/* End PBXContainerItemProxy section */

/* Begin PBXFileReference section */
		0076A88810354888973AD511 /* ExpendituresCoordinator.swift */ = {isa = PBXFileReference; includeInIndex = 1; lastKnownFileType = sourcecode.swift; path = ExpendituresCoordinator.swift; sourceTree = "<group>"; };
		0171AD3D863509F430F2BB46 /* Pods_MyCarTests.framework */ = {isa = PBXFileReference; explicitFileType = wrapper.framework; includeInIndex = 0; path = Pods_MyCarTests.framework; sourceTree = BUILT_PRODUCTS_DIR; };
		068500140B5C1348DB1B0FC6 /* NotificationsPresenter.swift */ = {isa = PBXFileReference; includeInIndex = 1; lastKnownFileType = sourcecode.swift; path = NotificationsPresenter.swift; sourceTree = "<group>"; };
		0724626C21BEA92A74371D99 /* NotificationsAssembly.swift */ = {isa = PBXFileReference; includeInIndex = 1; lastKnownFileType = sourcecode.swift; path = NotificationsAssembly.swift; sourceTree = "<group>"; };
		079A4F4431A51C698070954F /* Pods-MyCar.release.xcconfig */ = {isa = PBXFileReference; includeInIndex = 1; lastKnownFileType = text.xcconfig; name = "Pods-MyCar.release.xcconfig"; path = "Target Support Files/Pods-MyCar/Pods-MyCar.release.xcconfig"; sourceTree = "<group>"; };
		0DCE32075D2E91578A5289F6 /* MaintenanceController.swift */ = {isa = PBXFileReference; includeInIndex = 1; lastKnownFileType = sourcecode.swift; path = MaintenanceController.swift; sourceTree = "<group>"; };
		1105B8E2268CC197008603E9 /* CoreDataServiceTests.swift */ = {isa = PBXFileReference; lastKnownFileType = sourcecode.swift; path = CoreDataServiceTests.swift; sourceTree = "<group>"; };
		1105B8E4268D0A24008603E9 /* Car+CoreDataClass.swift */ = {isa = PBXFileReference; lastKnownFileType = sourcecode.swift; name = "Car+CoreDataClass.swift"; path = "../../../Car+CoreDataClass.swift"; sourceTree = "<group>"; };
		1105B8E5268D0A24008603E9 /* Car+CoreDataProperties.swift */ = {isa = PBXFileReference; lastKnownFileType = sourcecode.swift; name = "Car+CoreDataProperties.swift"; path = "../../../Car+CoreDataProperties.swift"; sourceTree = "<group>"; };
		117ED5E3268BA7D800832176 /* UI.xctestplan */ = {isa = PBXFileReference; lastKnownFileType = text; path = UI.xctestplan; sourceTree = "<group>"; };
		117ED5E4268BA7E300832176 /* Unit.xctestplan */ = {isa = PBXFileReference; lastKnownFileType = text; path = Unit.xctestplan; sourceTree = "<group>"; };
		117ED5E5268BA7EA00832176 /* All.xctestplan */ = {isa = PBXFileReference; lastKnownFileType = text; path = All.xctestplan; sourceTree = "<group>"; };
		1183272326E6AAF700826E1C /* R.generated.swift */ = {isa = PBXFileReference; fileEncoding = 4; lastKnownFileType = sourcecode.swift; path = R.generated.swift; sourceTree = "<group>"; };
		119AB1772633405E00379CB7 /* MyCar.app */ = {isa = PBXFileReference; explicitFileType = wrapper.application; includeInIndex = 0; path = MyCar.app; sourceTree = BUILT_PRODUCTS_DIR; };
		119AB17A2633405E00379CB7 /* AppDelegate.swift */ = {isa = PBXFileReference; lastKnownFileType = sourcecode.swift; path = AppDelegate.swift; sourceTree = "<group>"; };
		119AB17C2633405E00379CB7 /* SceneDelegate.swift */ = {isa = PBXFileReference; lastKnownFileType = sourcecode.swift; path = SceneDelegate.swift; sourceTree = "<group>"; };
		119AB1862633405F00379CB7 /* Assets.xcassets */ = {isa = PBXFileReference; lastKnownFileType = folder.assetcatalog; path = Assets.xcassets; sourceTree = "<group>"; };
		119AB1892633405F00379CB7 /* Base */ = {isa = PBXFileReference; lastKnownFileType = file.storyboard; name = Base; path = Base.lproj/LaunchScreen.storyboard; sourceTree = "<group>"; };
		119AB18B2633405F00379CB7 /* Info.plist */ = {isa = PBXFileReference; lastKnownFileType = text.plist.xml; path = Info.plist; sourceTree = "<group>"; };
		119AB1902633405F00379CB7 /* MyCarTests.xctest */ = {isa = PBXFileReference; explicitFileType = wrapper.cfbundle; includeInIndex = 0; path = MyCarTests.xctest; sourceTree = BUILT_PRODUCTS_DIR; };
		119AB1962633405F00379CB7 /* Info.plist */ = {isa = PBXFileReference; lastKnownFileType = text.plist.xml; path = Info.plist; sourceTree = "<group>"; };
		119AB19B2633405F00379CB7 /* MyCarUITests.xctest */ = {isa = PBXFileReference; explicitFileType = wrapper.cfbundle; includeInIndex = 0; path = MyCarUITests.xctest; sourceTree = BUILT_PRODUCTS_DIR; };
		119AB19F2633405F00379CB7 /* MyCarUITests.swift */ = {isa = PBXFileReference; lastKnownFileType = sourcecode.swift; path = MyCarUITests.swift; sourceTree = "<group>"; };
		119AB1A12633405F00379CB7 /* Info.plist */ = {isa = PBXFileReference; lastKnownFileType = text.plist.xml; path = Info.plist; sourceTree = "<group>"; };
		119AB1E826334A4A00379CB7 /* MyCar.xcdatamodel */ = {isa = PBXFileReference; lastKnownFileType = wrapper.xcdatamodel; path = MyCar.xcdatamodel; sourceTree = "<group>"; };
		119C891F266B8FFA00590CCC /* en */ = {isa = PBXFileReference; lastKnownFileType = text.plist.strings; name = en; path = en.lproj/Localizable.strings; sourceTree = "<group>"; };
		119C8921266B901500590CCC /* ru */ = {isa = PBXFileReference; lastKnownFileType = text.plist.strings; name = ru; path = ru.lproj/LaunchScreen.strings; sourceTree = "<group>"; };
		119C8922266B901500590CCC /* ru */ = {isa = PBXFileReference; lastKnownFileType = text.plist.strings; name = ru; path = ru.lproj/Localizable.strings; sourceTree = "<group>"; };
		119C8924266B995700590CCC /* Text.swift */ = {isa = PBXFileReference; lastKnownFileType = sourcecode.swift; path = Text.swift; sourceTree = "<group>"; };
		119C8926266B997600590CCC /* String.swift */ = {isa = PBXFileReference; lastKnownFileType = sourcecode.swift; path = String.swift; sourceTree = "<group>"; };
		119C8928266B9D4700590CCC /* Shared.swift */ = {isa = PBXFileReference; lastKnownFileType = sourcecode.swift; path = Shared.swift; sourceTree = "<group>"; };
		119C892B266BC21400590CCC /* GarageController.swift */ = {isa = PBXFileReference; lastKnownFileType = sourcecode.swift; path = GarageController.swift; sourceTree = "<group>"; };
		119C892D266BC22300590CCC /* GaragePresenter.swift */ = {isa = PBXFileReference; lastKnownFileType = sourcecode.swift; path = GaragePresenter.swift; sourceTree = "<group>"; };
		119C892F266BC23E00590CCC /* GarageInteractor.swift */ = {isa = PBXFileReference; lastKnownFileType = sourcecode.swift; path = GarageInteractor.swift; sourceTree = "<group>"; };
		119C8931266BC24B00590CCC /* GarageDataProvider.swift */ = {isa = PBXFileReference; lastKnownFileType = sourcecode.swift; path = GarageDataProvider.swift; sourceTree = "<group>"; };
		119C8933266BC25800590CCC /* GarageAssembly.swift */ = {isa = PBXFileReference; lastKnownFileType = sourcecode.swift; path = GarageAssembly.swift; sourceTree = "<group>"; };
		119C8935266BC26300590CCC /* GarageProtocols.swift */ = {isa = PBXFileReference; lastKnownFileType = sourcecode.swift; path = GarageProtocols.swift; sourceTree = "<group>"; };
		119C8937266CC14900590CCC /* BaseController.swift */ = {isa = PBXFileReference; lastKnownFileType = sourcecode.swift; path = BaseController.swift; sourceTree = "<group>"; };
		119C8939266CC3E000590CCC /* GarageCoordinator.swift */ = {isa = PBXFileReference; lastKnownFileType = sourcecode.swift; path = GarageCoordinator.swift; sourceTree = "<group>"; };
		119C893B266CCD1000590CCC /* AppNavigationController.swift */ = {isa = PBXFileReference; lastKnownFileType = sourcecode.swift; path = AppNavigationController.swift; sourceTree = "<group>"; };
		119C893D266D03CC00590CCC /* UserDefaultsService.swift */ = {isa = PBXFileReference; lastKnownFileType = sourcecode.swift; path = UserDefaultsService.swift; sourceTree = "<group>"; };
		119C8944266D3E3000590CCC /* CoreDataService.swift */ = {isa = PBXFileReference; lastKnownFileType = sourcecode.swift; path = CoreDataService.swift; sourceTree = "<group>"; };
		119C894E266D5B3900590CCC /* NSObject.swift */ = {isa = PBXFileReference; lastKnownFileType = sourcecode.swift; path = NSObject.swift; sourceTree = "<group>"; };
		11FC74A22683B09100D54243 /* MyCar2.xcdatamodel */ = {isa = PBXFileReference; lastKnownFileType = wrapper.xcdatamodel; path = MyCar2.xcdatamodel; sourceTree = "<group>"; };
		11FF78DD264C1756008660C4 /* Router.swift */ = {isa = PBXFileReference; lastKnownFileType = sourcecode.swift; path = Router.swift; sourceTree = "<group>"; };
		11FF78DF264C1893008660C4 /* TabBarProtocols.swift */ = {isa = PBXFileReference; lastKnownFileType = sourcecode.swift; path = TabBarProtocols.swift; sourceTree = "<group>"; };
		11FF78E1264C18A9008660C4 /* TabBarAssembly.swift */ = {isa = PBXFileReference; lastKnownFileType = sourcecode.swift; path = TabBarAssembly.swift; sourceTree = "<group>"; };
		11FF78E3264C18C8008660C4 /* TabBarInteractor.swift */ = {isa = PBXFileReference; lastKnownFileType = sourcecode.swift; path = TabBarInteractor.swift; sourceTree = "<group>"; };
		11FF78E5264C18D2008660C4 /* TabBarPresenter.swift */ = {isa = PBXFileReference; lastKnownFileType = sourcecode.swift; path = TabBarPresenter.swift; sourceTree = "<group>"; };
		11FF78E7264C18DF008660C4 /* TabBarController.swift */ = {isa = PBXFileReference; lastKnownFileType = sourcecode.swift; path = TabBarController.swift; sourceTree = "<group>"; };
		11FF78E9264C18EA008660C4 /* TabBarCoordinator.swift */ = {isa = PBXFileReference; lastKnownFileType = sourcecode.swift; path = TabBarCoordinator.swift; sourceTree = "<group>"; };
		11FF78EB264C1984008660C4 /* BaseViewProtocol.swift */ = {isa = PBXFileReference; lastKnownFileType = sourcecode.swift; path = BaseViewProtocol.swift; sourceTree = "<group>"; };
		11FF78ED264C19E4008660C4 /* AppTypeAliases.swift */ = {isa = PBXFileReference; lastKnownFileType = sourcecode.swift; path = AppTypeAliases.swift; sourceTree = "<group>"; };
		11FF78EF264C21E3008660C4 /* ModulesFactoryProtocols.swift */ = {isa = PBXFileReference; lastKnownFileType = sourcecode.swift; path = ModulesFactoryProtocols.swift; sourceTree = "<group>"; };
		11FF78F1264C2BF8008660C4 /* Coordinatable.swift */ = {isa = PBXFileReference; lastKnownFileType = sourcecode.swift; path = Coordinatable.swift; sourceTree = "<group>"; };
		11FF78F3264C2C2C008660C4 /* BaseCoordinator.swift */ = {isa = PBXFileReference; lastKnownFileType = sourcecode.swift; path = BaseCoordinator.swift; sourceTree = "<group>"; };
		11FF78F5264C2D26008660C4 /* Presentable.swift */ = {isa = PBXFileReference; lastKnownFileType = sourcecode.swift; path = Presentable.swift; sourceTree = "<group>"; };
		11FF78F7264C2E08008660C4 /* Routable.swift */ = {isa = PBXFileReference; lastKnownFileType = sourcecode.swift; path = Routable.swift; sourceTree = "<group>"; };
		11FF78F9264C2FB7008660C4 /* ModulesFactory.swift */ = {isa = PBXFileReference; lastKnownFileType = sourcecode.swift; path = ModulesFactory.swift; sourceTree = "<group>"; };
		11FF78FB264C30FD008660C4 /* AppScope.swift */ = {isa = PBXFileReference; lastKnownFileType = sourcecode.swift; path = AppScope.swift; sourceTree = "<group>"; };
		11FF78FD264C5A27008660C4 /* AppColors.swift */ = {isa = PBXFileReference; lastKnownFileType = sourcecode.swift; path = AppColors.swift; sourceTree = "<group>"; };
		11FF78FF264C5ACE008660C4 /* UIColor.swift */ = {isa = PBXFileReference; lastKnownFileType = sourcecode.swift; path = UIColor.swift; sourceTree = "<group>"; };
		11FF7902264C5B4B008660C4 /* Colors.xcassets */ = {isa = PBXFileReference; lastKnownFileType = folder.assetcatalog; path = Colors.xcassets; sourceTree = "<group>"; };
		11FF7906264C6156008660C4 /* AppKeys.swift */ = {isa = PBXFileReference; lastKnownFileType = sourcecode.swift; path = AppKeys.swift; sourceTree = "<group>"; };
		11FF7908264C6492008660C4 /* AppCoordinator.swift */ = {isa = PBXFileReference; lastKnownFileType = sourcecode.swift; path = AppCoordinator.swift; sourceTree = "<group>"; };
		11FF790A264C660E008660C4 /* CoordinatorFactoryProtocol.swift */ = {isa = PBXFileReference; lastKnownFileType = sourcecode.swift; path = CoordinatorFactoryProtocol.swift; sourceTree = "<group>"; };
		11FF790C264C6A4E008660C4 /* CoordinatorFactory.swift */ = {isa = PBXFileReference; lastKnownFileType = sourcecode.swift; path = CoordinatorFactory.swift; sourceTree = "<group>"; };
		214B1F9631176B4D449307E4 /* CarDetailProtocols.swift */ = {isa = PBXFileReference; includeInIndex = 1; lastKnownFileType = sourcecode.swift; path = CarDetailProtocols.swift; sourceTree = "<group>"; };
		26B6C7310CBD819D3914F901 /* MaintenanceDetailDataProvider.swift */ = {isa = PBXFileReference; includeInIndex = 1; lastKnownFileType = sourcecode.swift; path = MaintenanceDetailDataProvider.swift; sourceTree = "<group>"; };
		29B05698CB092FEF7AB188C2 /* Pods-MyCarTests.release.xcconfig */ = {isa = PBXFileReference; includeInIndex = 1; lastKnownFileType = text.xcconfig; name = "Pods-MyCarTests.release.xcconfig"; path = "Target Support Files/Pods-MyCarTests/Pods-MyCarTests.release.xcconfig"; sourceTree = "<group>"; };
		2A4156D6BDBAE9EFF74D0D74 /* MenuController.swift */ = {isa = PBXFileReference; includeInIndex = 1; lastKnownFileType = sourcecode.swift; path = MenuController.swift; sourceTree = "<group>"; };
		2ABECD515D8A86867B0235A5 /* MaintenanceAssembly.swift */ = {isa = PBXFileReference; includeInIndex = 1; lastKnownFileType = sourcecode.swift; path = MaintenanceAssembly.swift; sourceTree = "<group>"; };
		31D1E109E7D1CF456D6EE91C /* MaintenanceDetailInteractor.swift */ = {isa = PBXFileReference; includeInIndex = 1; lastKnownFileType = sourcecode.swift; path = MaintenanceDetailInteractor.swift; sourceTree = "<group>"; };
		33D9412E49420B831B3CC3AC /* MaintenanceDetailProtocols.swift */ = {isa = PBXFileReference; includeInIndex = 1; lastKnownFileType = sourcecode.swift; path = MaintenanceDetailProtocols.swift; sourceTree = "<group>"; };
		354F404C9BD2D044E7784162 /* CarDetailPresenter.swift */ = {isa = PBXFileReference; includeInIndex = 1; lastKnownFileType = sourcecode.swift; path = CarDetailPresenter.swift; sourceTree = "<group>"; };
		3EF8E4AD6F33627FA131ED7B /* Pods-MyCar-MyCarUITests.debug.xcconfig */ = {isa = PBXFileReference; includeInIndex = 1; lastKnownFileType = text.xcconfig; name = "Pods-MyCar-MyCarUITests.debug.xcconfig"; path = "Target Support Files/Pods-MyCar-MyCarUITests/Pods-MyCar-MyCarUITests.debug.xcconfig"; sourceTree = "<group>"; };
		42182A3AB5D7E647F23558BD /* MenuDataProvider.swift */ = {isa = PBXFileReference; includeInIndex = 1; lastKnownFileType = sourcecode.swift; path = MenuDataProvider.swift; sourceTree = "<group>"; };
		44C7AB8D697E8C54AF19A0B0 /* Pods_MyCar.framework */ = {isa = PBXFileReference; explicitFileType = wrapper.framework; includeInIndex = 0; path = Pods_MyCar.framework; sourceTree = BUILT_PRODUCTS_DIR; };
		454F751BCABC946D52DEC696 /* NotificationsController.swift */ = {isa = PBXFileReference; includeInIndex = 1; lastKnownFileType = sourcecode.swift; path = NotificationsController.swift; sourceTree = "<group>"; };
		4BA63FA85E31F70C8BCAD97A /* MaintenanceDetailAssembly.swift */ = {isa = PBXFileReference; includeInIndex = 1; lastKnownFileType = sourcecode.swift; path = MaintenanceDetailAssembly.swift; sourceTree = "<group>"; };
		4BE7E1CA9338215B358B2CAF /* MenuInteractor.swift */ = {isa = PBXFileReference; includeInIndex = 1; lastKnownFileType = sourcecode.swift; path = MenuInteractor.swift; sourceTree = "<group>"; };
		507A527F7166B47C02E8DEF0 /* MaintenanceDataProvider.swift */ = {isa = PBXFileReference; includeInIndex = 1; lastKnownFileType = sourcecode.swift; path = MaintenanceDataProvider.swift; sourceTree = "<group>"; };
		53E0DB01AF974213024BBD6C /* MaintenanceDetailPresenter.swift */ = {isa = PBXFileReference; includeInIndex = 1; lastKnownFileType = sourcecode.swift; path = MaintenanceDetailPresenter.swift; sourceTree = "<group>"; };
		558AEB78345981D4EA0E0A1A /* NotificationsInteractor.swift */ = {isa = PBXFileReference; includeInIndex = 1; lastKnownFileType = sourcecode.swift; path = NotificationsInteractor.swift; sourceTree = "<group>"; };
		5691F95B6E96EF70B8C3D0C4 /* NotificationsProtocols.swift */ = {isa = PBXFileReference; includeInIndex = 1; lastKnownFileType = sourcecode.swift; path = NotificationsProtocols.swift; sourceTree = "<group>"; };
		579EEB9F1EC855415971533C /* ExpendituresProtocols.swift */ = {isa = PBXFileReference; includeInIndex = 1; lastKnownFileType = sourcecode.swift; path = ExpendituresProtocols.swift; sourceTree = "<group>"; };
		5912C244558E8D25F26FFED6 /* NotificationsCoordinator.swift */ = {isa = PBXFileReference; includeInIndex = 1; lastKnownFileType = sourcecode.swift; path = NotificationsCoordinator.swift; sourceTree = "<group>"; };
		5BD35508A042A9397A4027F0 /* MaintenanceDetailController.swift */ = {isa = PBXFileReference; includeInIndex = 1; lastKnownFileType = sourcecode.swift; path = MaintenanceDetailController.swift; sourceTree = "<group>"; };
		5D33C4DEC3C73919C7771DEF /* ExpendituresAssembly.swift */ = {isa = PBXFileReference; includeInIndex = 1; lastKnownFileType = sourcecode.swift; path = ExpendituresAssembly.swift; sourceTree = "<group>"; };
		601A0A3FB3E1DD105B3815B7 /* MaintenanceProtocols.swift */ = {isa = PBXFileReference; includeInIndex = 1; lastKnownFileType = sourcecode.swift; path = MaintenanceProtocols.swift; sourceTree = "<group>"; };
		62F2F67E84831DC5B64665A4 /* ExpendituresPresenter.swift */ = {isa = PBXFileReference; includeInIndex = 1; lastKnownFileType = sourcecode.swift; path = ExpendituresPresenter.swift; sourceTree = "<group>"; };
		6572471D8E855A5B7D119D85 /* MaintenanceInteractor.swift */ = {isa = PBXFileReference; includeInIndex = 1; lastKnownFileType = sourcecode.swift; path = MaintenanceInteractor.swift; sourceTree = "<group>"; };
		7799E26BECF294F808DCB419 /* NotificationsDataProvider.swift */ = {isa = PBXFileReference; includeInIndex = 1; lastKnownFileType = sourcecode.swift; path = NotificationsDataProvider.swift; sourceTree = "<group>"; };
		79DACF62D3B95F4FF8047F3D /* MaintenancePresenter.swift */ = {isa = PBXFileReference; includeInIndex = 1; lastKnownFileType = sourcecode.swift; path = MaintenancePresenter.swift; sourceTree = "<group>"; };
		7A997C9BD7FF242B009FFCB1 /* MaintenanceCoordinator.swift */ = {isa = PBXFileReference; includeInIndex = 1; lastKnownFileType = sourcecode.swift; path = MaintenanceCoordinator.swift; sourceTree = "<group>"; };
		8332776DF1C543AC38389445 /* CarDetailInteractor.swift */ = {isa = PBXFileReference; includeInIndex = 1; lastKnownFileType = sourcecode.swift; path = CarDetailInteractor.swift; sourceTree = "<group>"; };
		9B95C8B284DF2CE791616579 /* ExpendituresController.swift */ = {isa = PBXFileReference; includeInIndex = 1; lastKnownFileType = sourcecode.swift; path = ExpendituresController.swift; sourceTree = "<group>"; };
		ABDD9AB10C7E30B06A31CD15 /* CarDetailDataProvider.swift */ = {isa = PBXFileReference; includeInIndex = 1; lastKnownFileType = sourcecode.swift; path = CarDetailDataProvider.swift; sourceTree = "<group>"; };
		AF3D22D4400654A341218000 /* ExpendituresDataProvider.swift */ = {isa = PBXFileReference; includeInIndex = 1; lastKnownFileType = sourcecode.swift; path = ExpendituresDataProvider.swift; sourceTree = "<group>"; };
		B04609EA4310417C0B1FB4DE /* MenuCoordinator.swift */ = {isa = PBXFileReference; includeInIndex = 1; lastKnownFileType = sourcecode.swift; path = MenuCoordinator.swift; sourceTree = "<group>"; };
		B46418253DFFC9D3F1A60903 /* Pods-MyCar-MyCarUITests.release.xcconfig */ = {isa = PBXFileReference; includeInIndex = 1; lastKnownFileType = text.xcconfig; name = "Pods-MyCar-MyCarUITests.release.xcconfig"; path = "Target Support Files/Pods-MyCar-MyCarUITests/Pods-MyCar-MyCarUITests.release.xcconfig"; sourceTree = "<group>"; };
		B7950DCD359FACE3A6D84CD0 /* ExpendituresInteractor.swift */ = {isa = PBXFileReference; includeInIndex = 1; lastKnownFileType = sourcecode.swift; path = ExpendituresInteractor.swift; sourceTree = "<group>"; };
		C1D6714D17C026A9552F06C5 /* Pods-MyCar.debug.xcconfig */ = {isa = PBXFileReference; includeInIndex = 1; lastKnownFileType = text.xcconfig; name = "Pods-MyCar.debug.xcconfig"; path = "Target Support Files/Pods-MyCar/Pods-MyCar.debug.xcconfig"; sourceTree = "<group>"; };
		C4899F51185C6DBF3608ABB8 /* MenuAssembly.swift */ = {isa = PBXFileReference; includeInIndex = 1; lastKnownFileType = sourcecode.swift; path = MenuAssembly.swift; sourceTree = "<group>"; };
		C707FED61212E71A470F5007 /* Pods-MyCarTests.debug.xcconfig */ = {isa = PBXFileReference; includeInIndex = 1; lastKnownFileType = text.xcconfig; name = "Pods-MyCarTests.debug.xcconfig"; path = "Target Support Files/Pods-MyCarTests/Pods-MyCarTests.debug.xcconfig"; sourceTree = "<group>"; };
		DBEF5F6083EBB231D3AF3F6B /* MenuProtocols.swift */ = {isa = PBXFileReference; includeInIndex = 1; lastKnownFileType = sourcecode.swift; path = MenuProtocols.swift; sourceTree = "<group>"; };
		E90BE925F9B8BF35B149EAF4 /* MenuPresenter.swift */ = {isa = PBXFileReference; includeInIndex = 1; lastKnownFileType = sourcecode.swift; path = MenuPresenter.swift; sourceTree = "<group>"; };
		EA28E21C6EAA9696E0D88F0D /* CarDetailAssembly.swift */ = {isa = PBXFileReference; includeInIndex = 1; lastKnownFileType = sourcecode.swift; path = CarDetailAssembly.swift; sourceTree = "<group>"; };
		F038BAC381D3927A6F172FBB /* Pods_MyCar_MyCarUITests.framework */ = {isa = PBXFileReference; explicitFileType = wrapper.framework; includeInIndex = 0; path = Pods_MyCar_MyCarUITests.framework; sourceTree = BUILT_PRODUCTS_DIR; };
		F0F04DB81263381423E409CB /* CarDetailController.swift */ = {isa = PBXFileReference; includeInIndex = 1; lastKnownFileType = sourcecode.swift; path = CarDetailController.swift; sourceTree = "<group>"; };
/* End PBXFileReference section */

/* Begin PBXFrameworksBuildPhase section */
		119AB1742633405E00379CB7 /* Frameworks */ = {
			isa = PBXFrameworksBuildPhase;
			buildActionMask = 2147483647;
			files = (
				E49A6763FF6C4743D6146C4F /* Pods_MyCar.framework in Frameworks */,
			);
			runOnlyForDeploymentPostprocessing = 0;
		};
		119AB18D2633405F00379CB7 /* Frameworks */ = {
			isa = PBXFrameworksBuildPhase;
			buildActionMask = 2147483647;
			files = (
				2BFDE5C006DDA667EC03CA37 /* Pods_MyCarTests.framework in Frameworks */,
			);
			runOnlyForDeploymentPostprocessing = 0;
		};
		119AB1982633405F00379CB7 /* Frameworks */ = {
			isa = PBXFrameworksBuildPhase;
			buildActionMask = 2147483647;
			files = (
				42511F4E3E2E0AF1EA1C4F22 /* Pods_MyCar_MyCarUITests.framework in Frameworks */,
			);
			runOnlyForDeploymentPostprocessing = 0;
		};
/* End PBXFrameworksBuildPhase section */

/* Begin PBXGroup section */
		117ED5E2268BA7B100832176 /* TestPlans */ = {
			isa = PBXGroup;
			children = (
				117ED5E3268BA7D800832176 /* UI.xctestplan */,
				117ED5E4268BA7E300832176 /* Unit.xctestplan */,
				117ED5E5268BA7EA00832176 /* All.xctestplan */,
			);
			path = TestPlans;
			sourceTree = "<group>";
		};
		119AB16E2633405E00379CB7 = {
			isa = PBXGroup;
			children = (
				119AB1792633405E00379CB7 /* MyCar */,
				119AB1932633405F00379CB7 /* MyCarTests */,
				119AB19E2633405F00379CB7 /* MyCarUITests */,
				119AB1782633405E00379CB7 /* Products */,
				335D7893A0AA8D56B29ABEA5 /* Pods */,
				686B6A4648EAE53B3C64AA5E /* Frameworks */,
			);
			sourceTree = "<group>";
		};
		119AB1782633405E00379CB7 /* Products */ = {
			isa = PBXGroup;
			children = (
				119AB1772633405E00379CB7 /* MyCar.app */,
				119AB1902633405F00379CB7 /* MyCarTests.xctest */,
				119AB19B2633405F00379CB7 /* MyCarUITests.xctest */,
			);
			name = Products;
			sourceTree = "<group>";
		};
		119AB1792633405E00379CB7 /* MyCar */ = {
			isa = PBXGroup;
			children = (
				119AB1CE2633456E00379CB7 /* Application */,
				119AB1D62633462C00379CB7 /* Common */,
				119AB1DF2633469600379CB7 /* Modules */,
				119AB1D52633461500379CB7 /* Resources */,
			);
			path = MyCar;
			sourceTree = "<group>";
		};
		119AB1932633405F00379CB7 /* MyCarTests */ = {
			isa = PBXGroup;
			children = (
				117ED5E2268BA7B100832176 /* TestPlans */,
				119AB1962633405F00379CB7 /* Info.plist */,
				1105B8E2268CC197008603E9 /* CoreDataServiceTests.swift */,
			);
			path = MyCarTests;
			sourceTree = "<group>";
		};
		119AB19E2633405F00379CB7 /* MyCarUITests */ = {
			isa = PBXGroup;
			children = (
				119AB19F2633405F00379CB7 /* MyCarUITests.swift */,
				119AB1A12633405F00379CB7 /* Info.plist */,
			);
			path = MyCarUITests;
			sourceTree = "<group>";
		};
		119AB1CE2633456E00379CB7 /* Application */ = {
			isa = PBXGroup;
			children = (
				119AB1E726334A4A00379CB7 /* MyCar.xcdatamodeld */,
				119AB17A2633405E00379CB7 /* AppDelegate.swift */,
				119AB17C2633405E00379CB7 /* SceneDelegate.swift */,
				11FF7908264C6492008660C4 /* AppCoordinator.swift */,
				119AB18B2633405F00379CB7 /* Info.plist */,
			);
			path = Application;
			sourceTree = "<group>";
		};
		119AB1D52633461500379CB7 /* Resources */ = {
			isa = PBXGroup;
			children = (
				1183272326E6AAF700826E1C /* R.generated.swift */,
				11FF7902264C5B4B008660C4 /* Colors.xcassets */,
				119AB1862633405F00379CB7 /* Assets.xcassets */,
				119AB1882633405F00379CB7 /* LaunchScreen.storyboard */,
				119C8920266B8FFA00590CCC /* Localizable.strings */,
			);
			path = Resources;
			sourceTree = "<group>";
		};
		119AB1D62633462C00379CB7 /* Common */ = {
			isa = PBXGroup;
			children = (
				119AB1DE2633468600379CB7 /* Models */,
				119AB1DD2633467D00379CB7 /* ApiLibrary */,
				119AB1DC2633467500379CB7 /* Services */,
				119AB1DB2633466D00379CB7 /* Factories */,
				119AB1DA2633466000379CB7 /* Extensions */,
				119AB1D92633465700379CB7 /* Helpers */,
				119AB1D82633464E00379CB7 /* Classes */,
				119AB1D72633464000379CB7 /* Protocols */,
			);
			path = Common;
			sourceTree = "<group>";
		};
		119AB1D72633464000379CB7 /* Protocols */ = {
			isa = PBXGroup;
			children = (
				11FF78EB264C1984008660C4 /* BaseViewProtocol.swift */,
				11FF78F1264C2BF8008660C4 /* Coordinatable.swift */,
				11FF78F5264C2D26008660C4 /* Presentable.swift */,
				11FF78F7264C2E08008660C4 /* Routable.swift */,
			);
			path = Protocols;
			sourceTree = "<group>";
		};
		119AB1D82633464E00379CB7 /* Classes */ = {
			isa = PBXGroup;
			children = (
				11FF78DD264C1756008660C4 /* Router.swift */,
				11FF78F3264C2C2C008660C4 /* BaseCoordinator.swift */,
				119C8937266CC14900590CCC /* BaseController.swift */,
				119C893B266CCD1000590CCC /* AppNavigationController.swift */,
			);
			path = Classes;
			sourceTree = "<group>";
		};
		119AB1D92633465700379CB7 /* Helpers */ = {
			isa = PBXGroup;
			children = (
				119C8923266B994A00590CCC /* Text */,
				11FF78ED264C19E4008660C4 /* AppTypeAliases.swift */,
				11FF78FB264C30FD008660C4 /* AppScope.swift */,
				11FF78FD264C5A27008660C4 /* AppColors.swift */,
				11FF7906264C6156008660C4 /* AppKeys.swift */,
			);
			path = Helpers;
			sourceTree = "<group>";
		};
		119AB1DA2633466000379CB7 /* Extensions */ = {
			isa = PBXGroup;
			children = (
				11FF78FF264C5ACE008660C4 /* UIColor.swift */,
				119C8926266B997600590CCC /* String.swift */,
				119C894E266D5B3900590CCC /* NSObject.swift */,
			);
			path = Extensions;
			sourceTree = "<group>";
		};
		119AB1DB2633466D00379CB7 /* Factories */ = {
			isa = PBXGroup;
			children = (
				11FF78EF264C21E3008660C4 /* ModulesFactoryProtocols.swift */,
				11FF78F9264C2FB7008660C4 /* ModulesFactory.swift */,
				11FF790A264C660E008660C4 /* CoordinatorFactoryProtocol.swift */,
				11FF790C264C6A4E008660C4 /* CoordinatorFactory.swift */,
			);
			path = Factories;
			sourceTree = "<group>";
		};
		119AB1DC2633467500379CB7 /* Services */ = {
			isa = PBXGroup;
			children = (
				119C893D266D03CC00590CCC /* UserDefaultsService.swift */,
				119C8944266D3E3000590CCC /* CoreDataService.swift */,
			);
			path = Services;
			sourceTree = "<group>";
		};
		119AB1DD2633467D00379CB7 /* ApiLibrary */ = {
			isa = PBXGroup;
			children = (
			);
			path = ApiLibrary;
			sourceTree = "<group>";
		};
		119AB1DE2633468600379CB7 /* Models */ = {
			isa = PBXGroup;
			children = (
				1105B8E4268D0A24008603E9 /* Car+CoreDataClass.swift */,
				1105B8E5268D0A24008603E9 /* Car+CoreDataProperties.swift */,
			);
			path = Models;
			sourceTree = "<group>";
		};
		119AB1DF2633469600379CB7 /* Modules */ = {
			isa = PBXGroup;
			children = (
				475AB92C163ED3836BD95E09 /* Notifications */,
				65159874B1AD8BF5EE5E1F15 /* Expenditures */,
				6F7668420AFF2105DCDD4AE6 /* Menu */,
				C1402B9D4F72A0058EB3880F /* Maintenance */,
				119C892A266BC1E900590CCC /* Garage */,
				119AB1E0263346B400379CB7 /* TabBar */,
			);
			path = Modules;
			sourceTree = "<group>";
		};
		119AB1E0263346B400379CB7 /* TabBar */ = {
			isa = PBXGroup;
			children = (
				11FF78E9264C18EA008660C4 /* TabBarCoordinator.swift */,
				11FF78E7264C18DF008660C4 /* TabBarController.swift */,
				11FF78E5264C18D2008660C4 /* TabBarPresenter.swift */,
				11FF78E3264C18C8008660C4 /* TabBarInteractor.swift */,
				11FF78E1264C18A9008660C4 /* TabBarAssembly.swift */,
				11FF78DF264C1893008660C4 /* TabBarProtocols.swift */,
			);
			path = TabBar;
			sourceTree = "<group>";
		};
		119C8923266B994A00590CCC /* Text */ = {
			isa = PBXGroup;
			children = (
				119C8924266B995700590CCC /* Text.swift */,
				119C8928266B9D4700590CCC /* Shared.swift */,
			);
			path = Text;
			sourceTree = "<group>";
		};
		119C892A266BC1E900590CCC /* Garage */ = {
			isa = PBXGroup;
			children = (
				6E226CCBAD4FCF04F891E34C /* CarDetail */,
				119C8939266CC3E000590CCC /* GarageCoordinator.swift */,
				119C892B266BC21400590CCC /* GarageController.swift */,
				119C892D266BC22300590CCC /* GaragePresenter.swift */,
				119C892F266BC23E00590CCC /* GarageInteractor.swift */,
				119C8931266BC24B00590CCC /* GarageDataProvider.swift */,
				119C8933266BC25800590CCC /* GarageAssembly.swift */,
				119C8935266BC26300590CCC /* GarageProtocols.swift */,
			);
			path = Garage;
			sourceTree = "<group>";
		};
		335D7893A0AA8D56B29ABEA5 /* Pods */ = {
			isa = PBXGroup;
			children = (
				C1D6714D17C026A9552F06C5 /* Pods-MyCar.debug.xcconfig */,
				079A4F4431A51C698070954F /* Pods-MyCar.release.xcconfig */,
				3EF8E4AD6F33627FA131ED7B /* Pods-MyCar-MyCarUITests.debug.xcconfig */,
				B46418253DFFC9D3F1A60903 /* Pods-MyCar-MyCarUITests.release.xcconfig */,
				C707FED61212E71A470F5007 /* Pods-MyCarTests.debug.xcconfig */,
				29B05698CB092FEF7AB188C2 /* Pods-MyCarTests.release.xcconfig */,
			);
			path = Pods;
			sourceTree = "<group>";
		};
		475AB92C163ED3836BD95E09 /* Notifications */ = {
			isa = PBXGroup;
			children = (
				5912C244558E8D25F26FFED6 /* NotificationsCoordinator.swift */,
				5691F95B6E96EF70B8C3D0C4 /* NotificationsProtocols.swift */,
				454F751BCABC946D52DEC696 /* NotificationsController.swift */,
				068500140B5C1348DB1B0FC6 /* NotificationsPresenter.swift */,
				558AEB78345981D4EA0E0A1A /* NotificationsInteractor.swift */,
				7799E26BECF294F808DCB419 /* NotificationsDataProvider.swift */,
				0724626C21BEA92A74371D99 /* NotificationsAssembly.swift */,
			);
			path = Notifications;
			sourceTree = "<group>";
		};
		65159874B1AD8BF5EE5E1F15 /* Expenditures */ = {
			isa = PBXGroup;
			children = (
				0076A88810354888973AD511 /* ExpendituresCoordinator.swift */,
				579EEB9F1EC855415971533C /* ExpendituresProtocols.swift */,
				9B95C8B284DF2CE791616579 /* ExpendituresController.swift */,
				62F2F67E84831DC5B64665A4 /* ExpendituresPresenter.swift */,
				B7950DCD359FACE3A6D84CD0 /* ExpendituresInteractor.swift */,
				AF3D22D4400654A341218000 /* ExpendituresDataProvider.swift */,
				5D33C4DEC3C73919C7771DEF /* ExpendituresAssembly.swift */,
			);
			path = Expenditures;
			sourceTree = "<group>";
		};
		686B6A4648EAE53B3C64AA5E /* Frameworks */ = {
			isa = PBXGroup;
			children = (
				44C7AB8D697E8C54AF19A0B0 /* Pods_MyCar.framework */,
				F038BAC381D3927A6F172FBB /* Pods_MyCar_MyCarUITests.framework */,
				0171AD3D863509F430F2BB46 /* Pods_MyCarTests.framework */,
			);
			name = Frameworks;
			sourceTree = "<group>";
		};
		6E226CCBAD4FCF04F891E34C /* CarDetail */ = {
			isa = PBXGroup;
			children = (
				214B1F9631176B4D449307E4 /* CarDetailProtocols.swift */,
				F0F04DB81263381423E409CB /* CarDetailController.swift */,
				354F404C9BD2D044E7784162 /* CarDetailPresenter.swift */,
				8332776DF1C543AC38389445 /* CarDetailInteractor.swift */,
				ABDD9AB10C7E30B06A31CD15 /* CarDetailDataProvider.swift */,
				EA28E21C6EAA9696E0D88F0D /* CarDetailAssembly.swift */,
			);
			path = CarDetail;
			sourceTree = "<group>";
		};
		6F7668420AFF2105DCDD4AE6 /* Menu */ = {
			isa = PBXGroup;
			children = (
				B04609EA4310417C0B1FB4DE /* MenuCoordinator.swift */,
				DBEF5F6083EBB231D3AF3F6B /* MenuProtocols.swift */,
				2A4156D6BDBAE9EFF74D0D74 /* MenuController.swift */,
				E90BE925F9B8BF35B149EAF4 /* MenuPresenter.swift */,
				4BE7E1CA9338215B358B2CAF /* MenuInteractor.swift */,
				42182A3AB5D7E647F23558BD /* MenuDataProvider.swift */,
				C4899F51185C6DBF3608ABB8 /* MenuAssembly.swift */,
			);
			path = Menu;
			sourceTree = "<group>";
		};
		70E885FA821145AE832E7BA0 /* MaintenanceDetail */ = {
			isa = PBXGroup;
			children = (
				33D9412E49420B831B3CC3AC /* MaintenanceDetailProtocols.swift */,
				5BD35508A042A9397A4027F0 /* MaintenanceDetailController.swift */,
				53E0DB01AF974213024BBD6C /* MaintenanceDetailPresenter.swift */,
				31D1E109E7D1CF456D6EE91C /* MaintenanceDetailInteractor.swift */,
				26B6C7310CBD819D3914F901 /* MaintenanceDetailDataProvider.swift */,
				4BA63FA85E31F70C8BCAD97A /* MaintenanceDetailAssembly.swift */,
			);
			path = MaintenanceDetail;
			sourceTree = "<group>";
		};
		C1402B9D4F72A0058EB3880F /* Maintenance */ = {
			isa = PBXGroup;
			children = (
				70E885FA821145AE832E7BA0 /* MaintenanceDetail */,
				7A997C9BD7FF242B009FFCB1 /* MaintenanceCoordinator.swift */,
				601A0A3FB3E1DD105B3815B7 /* MaintenanceProtocols.swift */,
				0DCE32075D2E91578A5289F6 /* MaintenanceController.swift */,
				79DACF62D3B95F4FF8047F3D /* MaintenancePresenter.swift */,
				6572471D8E855A5B7D119D85 /* MaintenanceInteractor.swift */,
				507A527F7166B47C02E8DEF0 /* MaintenanceDataProvider.swift */,
				2ABECD515D8A86867B0235A5 /* MaintenanceAssembly.swift */,
			);
			path = Maintenance;
			sourceTree = "<group>";
		};
/* End PBXGroup section */

/* Begin PBXNativeTarget section */
		119AB1762633405E00379CB7 /* MyCar */ = {
			isa = PBXNativeTarget;
			buildConfigurationList = 119AB1A42633405F00379CB7 /* Build configuration list for PBXNativeTarget "MyCar" */;
			buildPhases = (
				7F97035FC156583B7E6DF6E7 /* [CP] Check Pods Manifest.lock */,
				1183272126E6A9F600826E1C /* ShellScript */,
				119AB1732633405E00379CB7 /* Sources */,
				119AB1742633405E00379CB7 /* Frameworks */,
				119AB1752633405E00379CB7 /* Resources */,
				119AB1F326334E5C00379CB7 /* SwiftLint */,
				9D0ED600D840C29526BA1B56 /* [CP] Embed Pods Frameworks */,
			);
			buildRules = (
			);
			dependencies = (
			);
			name = MyCar;
			productName = MyCar;
			productReference = 119AB1772633405E00379CB7 /* MyCar.app */;
			productType = "com.apple.product-type.application";
		};
		119AB18F2633405F00379CB7 /* MyCarTests */ = {
			isa = PBXNativeTarget;
			buildConfigurationList = 119AB1A72633405F00379CB7 /* Build configuration list for PBXNativeTarget "MyCarTests" */;
			buildPhases = (
				632DFAB6F1AA0D4C9B78C661 /* [CP] Check Pods Manifest.lock */,
				119AB18C2633405F00379CB7 /* Sources */,
				119AB18D2633405F00379CB7 /* Frameworks */,
				119AB18E2633405F00379CB7 /* Resources */,
			);
			buildRules = (
			);
			dependencies = (
				119AB1922633405F00379CB7 /* PBXTargetDependency */,
			);
			name = MyCarTests;
			productName = MyCarTests;
			productReference = 119AB1902633405F00379CB7 /* MyCarTests.xctest */;
			productType = "com.apple.product-type.bundle.unit-test";
		};
		119AB19A2633405F00379CB7 /* MyCarUITests */ = {
			isa = PBXNativeTarget;
			buildConfigurationList = 119AB1AA2633405F00379CB7 /* Build configuration list for PBXNativeTarget "MyCarUITests" */;
			buildPhases = (
				B68191DE1173777C0B7D1DAE /* [CP] Check Pods Manifest.lock */,
				119AB1972633405F00379CB7 /* Sources */,
				119AB1982633405F00379CB7 /* Frameworks */,
				119AB1992633405F00379CB7 /* Resources */,
				EC50F080EA572D4F51EF63C6 /* [CP] Embed Pods Frameworks */,
			);
			buildRules = (
			);
			dependencies = (
				119AB19D2633405F00379CB7 /* PBXTargetDependency */,
			);
			name = MyCarUITests;
			productName = MyCarUITests;
			productReference = 119AB19B2633405F00379CB7 /* MyCarUITests.xctest */;
			productType = "com.apple.product-type.bundle.ui-testing";
		};
/* End PBXNativeTarget section */

/* Begin PBXProject section */
		119AB16F2633405E00379CB7 /* Project object */ = {
			isa = PBXProject;
			attributes = {
				LastSwiftUpdateCheck = 1240;
				LastUpgradeCheck = 1240;
				TargetAttributes = {
					119AB1762633405E00379CB7 = {
						CreatedOnToolsVersion = 12.4;
					};
					119AB18F2633405F00379CB7 = {
						CreatedOnToolsVersion = 12.4;
						TestTargetID = 119AB1762633405E00379CB7;
					};
					119AB19A2633405F00379CB7 = {
						CreatedOnToolsVersion = 12.4;
						TestTargetID = 119AB1762633405E00379CB7;
					};
				};
			};
			buildConfigurationList = 119AB1722633405E00379CB7 /* Build configuration list for PBXProject "MyCar" */;
			compatibilityVersion = "Xcode 9.3";
			developmentRegion = en;
			hasScannedForEncodings = 0;
			knownRegions = (
				en,
				Base,
				ru,
			);
			mainGroup = 119AB16E2633405E00379CB7;
			productRefGroup = 119AB1782633405E00379CB7 /* Products */;
			projectDirPath = "";
			projectRoot = "";
			targets = (
				119AB1762633405E00379CB7 /* MyCar */,
				119AB18F2633405F00379CB7 /* MyCarTests */,
				119AB19A2633405F00379CB7 /* MyCarUITests */,
			);
		};
/* End PBXProject section */

/* Begin PBXResourcesBuildPhase section */
		119AB1752633405E00379CB7 /* Resources */ = {
			isa = PBXResourcesBuildPhase;
			buildActionMask = 2147483647;
			files = (
				11FF7903264C5B4B008660C4 /* Colors.xcassets in Resources */,
				119C891E266B8FFA00590CCC /* Localizable.strings in Resources */,
				119AB18A2633405F00379CB7 /* LaunchScreen.storyboard in Resources */,
				119AB1872633405F00379CB7 /* Assets.xcassets in Resources */,
			);
			runOnlyForDeploymentPostprocessing = 0;
		};
		119AB18E2633405F00379CB7 /* Resources */ = {
			isa = PBXResourcesBuildPhase;
			buildActionMask = 2147483647;
			files = (
			);
			runOnlyForDeploymentPostprocessing = 0;
		};
		119AB1992633405F00379CB7 /* Resources */ = {
			isa = PBXResourcesBuildPhase;
			buildActionMask = 2147483647;
			files = (
			);
			runOnlyForDeploymentPostprocessing = 0;
		};
/* End PBXResourcesBuildPhase section */

/* Begin PBXShellScriptBuildPhase section */
		1183272126E6A9F600826E1C /* ShellScript */ = {
			isa = PBXShellScriptBuildPhase;
			buildActionMask = 2147483647;
			files = (
			);
			inputFileListPaths = (
			);
			inputPaths = (
				"$TEMP_DIR/rswift-lastrun",
			);
			outputFileListPaths = (
			);
			outputPaths = (
				$SRCROOT/R.generated.swift,
			);
			runOnlyForDeploymentPostprocessing = 0;
			shellPath = /bin/sh;
			shellScript = "# Type a script or drag a script file from your workspace to insert its path.\n\"$PODS_ROOT/R.swift/rswift\" generate \"$SRCROOT/R.generated.swift\"\n";
		};
		119AB1F326334E5C00379CB7 /* SwiftLint */ = {
			isa = PBXShellScriptBuildPhase;
			buildActionMask = 2147483647;
			files = (
			);
			inputFileListPaths = (
			);
			inputPaths = (
			);
			name = SwiftLint;
			outputFileListPaths = (
			);
			outputPaths = (
			);
			runOnlyForDeploymentPostprocessing = 0;
			shellPath = /bin/sh;
			shellScript = "\"${PODS_ROOT}/SwiftLint/swiftlint\"\n";
		};
		632DFAB6F1AA0D4C9B78C661 /* [CP] Check Pods Manifest.lock */ = {
			isa = PBXShellScriptBuildPhase;
			buildActionMask = 2147483647;
			files = (
			);
			inputFileListPaths = (
			);
			inputPaths = (
				"${PODS_PODFILE_DIR_PATH}/Podfile.lock",
				"${PODS_ROOT}/Manifest.lock",
			);
			name = "[CP] Check Pods Manifest.lock";
			outputFileListPaths = (
			);
			outputPaths = (
				"$(DERIVED_FILE_DIR)/Pods-MyCarTests-checkManifestLockResult.txt",
			);
			runOnlyForDeploymentPostprocessing = 0;
			shellPath = /bin/sh;
			shellScript = "diff \"${PODS_PODFILE_DIR_PATH}/Podfile.lock\" \"${PODS_ROOT}/Manifest.lock\" > /dev/null\nif [ $? != 0 ] ; then\n    # print error to STDERR\n    echo \"error: The sandbox is not in sync with the Podfile.lock. Run 'pod install' or update your CocoaPods installation.\" >&2\n    exit 1\nfi\n# This output is used by Xcode 'outputs' to avoid re-running this script phase.\necho \"SUCCESS\" > \"${SCRIPT_OUTPUT_FILE_0}\"\n";
			showEnvVarsInLog = 0;
		};
		7F97035FC156583B7E6DF6E7 /* [CP] Check Pods Manifest.lock */ = {
			isa = PBXShellScriptBuildPhase;
			buildActionMask = 2147483647;
			files = (
			);
			inputFileListPaths = (
			);
			inputPaths = (
				"${PODS_PODFILE_DIR_PATH}/Podfile.lock",
				"${PODS_ROOT}/Manifest.lock",
			);
			name = "[CP] Check Pods Manifest.lock";
			outputFileListPaths = (
			);
			outputPaths = (
				"$(DERIVED_FILE_DIR)/Pods-MyCar-checkManifestLockResult.txt",
			);
			runOnlyForDeploymentPostprocessing = 0;
			shellPath = /bin/sh;
			shellScript = "diff \"${PODS_PODFILE_DIR_PATH}/Podfile.lock\" \"${PODS_ROOT}/Manifest.lock\" > /dev/null\nif [ $? != 0 ] ; then\n    # print error to STDERR\n    echo \"error: The sandbox is not in sync with the Podfile.lock. Run 'pod install' or update your CocoaPods installation.\" >&2\n    exit 1\nfi\n# This output is used by Xcode 'outputs' to avoid re-running this script phase.\necho \"SUCCESS\" > \"${SCRIPT_OUTPUT_FILE_0}\"\n";
			showEnvVarsInLog = 0;
		};
		9D0ED600D840C29526BA1B56 /* [CP] Embed Pods Frameworks */ = {
			isa = PBXShellScriptBuildPhase;
			buildActionMask = 2147483647;
			files = (
			);
			inputFileListPaths = (
				"${PODS_ROOT}/Target Support Files/Pods-MyCar/Pods-MyCar-frameworks-${CONFIGURATION}-input-files.xcfilelist",
			);
			name = "[CP] Embed Pods Frameworks";
			outputFileListPaths = (
				"${PODS_ROOT}/Target Support Files/Pods-MyCar/Pods-MyCar-frameworks-${CONFIGURATION}-output-files.xcfilelist",
			);
			runOnlyForDeploymentPostprocessing = 0;
			shellPath = /bin/sh;
			shellScript = "\"${PODS_ROOT}/Target Support Files/Pods-MyCar/Pods-MyCar-frameworks.sh\"\n";
			showEnvVarsInLog = 0;
		};
		B68191DE1173777C0B7D1DAE /* [CP] Check Pods Manifest.lock */ = {
			isa = PBXShellScriptBuildPhase;
			buildActionMask = 2147483647;
			files = (
			);
			inputFileListPaths = (
			);
			inputPaths = (
				"${PODS_PODFILE_DIR_PATH}/Podfile.lock",
				"${PODS_ROOT}/Manifest.lock",
			);
			name = "[CP] Check Pods Manifest.lock";
			outputFileListPaths = (
			);
			outputPaths = (
				"$(DERIVED_FILE_DIR)/Pods-MyCar-MyCarUITests-checkManifestLockResult.txt",
			);
			runOnlyForDeploymentPostprocessing = 0;
			shellPath = /bin/sh;
			shellScript = "diff \"${PODS_PODFILE_DIR_PATH}/Podfile.lock\" \"${PODS_ROOT}/Manifest.lock\" > /dev/null\nif [ $? != 0 ] ; then\n    # print error to STDERR\n    echo \"error: The sandbox is not in sync with the Podfile.lock. Run 'pod install' or update your CocoaPods installation.\" >&2\n    exit 1\nfi\n# This output is used by Xcode 'outputs' to avoid re-running this script phase.\necho \"SUCCESS\" > \"${SCRIPT_OUTPUT_FILE_0}\"\n";
			showEnvVarsInLog = 0;
		};
		EC50F080EA572D4F51EF63C6 /* [CP] Embed Pods Frameworks */ = {
			isa = PBXShellScriptBuildPhase;
			buildActionMask = 2147483647;
			files = (
			);
			inputFileListPaths = (
				"${PODS_ROOT}/Target Support Files/Pods-MyCar-MyCarUITests/Pods-MyCar-MyCarUITests-frameworks-${CONFIGURATION}-input-files.xcfilelist",
			);
			name = "[CP] Embed Pods Frameworks";
			outputFileListPaths = (
				"${PODS_ROOT}/Target Support Files/Pods-MyCar-MyCarUITests/Pods-MyCar-MyCarUITests-frameworks-${CONFIGURATION}-output-files.xcfilelist",
			);
			runOnlyForDeploymentPostprocessing = 0;
			shellPath = /bin/sh;
			shellScript = "\"${PODS_ROOT}/Target Support Files/Pods-MyCar-MyCarUITests/Pods-MyCar-MyCarUITests-frameworks.sh\"\n";
			showEnvVarsInLog = 0;
		};
/* End PBXShellScriptBuildPhase section */

/* Begin PBXSourcesBuildPhase section */
		119AB1732633405E00379CB7 /* Sources */ = {
			isa = PBXSourcesBuildPhase;
			buildActionMask = 2147483647;
			files = (
				119C8936266BC26300590CCC /* GarageProtocols.swift in Sources */,
				119C893A266CC3E000590CCC /* GarageCoordinator.swift in Sources */,
				119C8934266BC25800590CCC /* GarageAssembly.swift in Sources */,
				119C894F266D5B3900590CCC /* NSObject.swift in Sources */,
				119C8938266CC14900590CCC /* BaseController.swift in Sources */,
				11FF78E4264C18C8008660C4 /* TabBarInteractor.swift in Sources */,
				119C893E266D03CC00590CCC /* UserDefaultsService.swift in Sources */,
				11FF7900264C5ACE008660C4 /* UIColor.swift in Sources */,
				11FF78F6264C2D26008660C4 /* Presentable.swift in Sources */,
				119C8927266B997600590CCC /* String.swift in Sources */,
				11FF78E0264C1893008660C4 /* TabBarProtocols.swift in Sources */,
				11FF78EC264C1984008660C4 /* BaseViewProtocol.swift in Sources */,
				11FF78E2264C18A9008660C4 /* TabBarAssembly.swift in Sources */,
				11FF7909264C6492008660C4 /* AppCoordinator.swift in Sources */,
				119C8930266BC23E00590CCC /* GarageInteractor.swift in Sources */,
				1183272426E6AAF700826E1C /* R.generated.swift in Sources */,
				11FF78E8264C18DF008660C4 /* TabBarController.swift in Sources */,
				119C8925266B995700590CCC /* Text.swift in Sources */,
				1105B8E6268D0A24008603E9 /* Car+CoreDataClass.swift in Sources */,
				11FF78DE264C1756008660C4 /* Router.swift in Sources */,
				119C892E266BC22300590CCC /* GaragePresenter.swift in Sources */,
				11FF78E6264C18D2008660C4 /* TabBarPresenter.swift in Sources */,
				119AB17B2633405E00379CB7 /* AppDelegate.swift in Sources */,
				11FF78EE264C19E4008660C4 /* AppTypeAliases.swift in Sources */,
				119C8929266B9D4700590CCC /* Shared.swift in Sources */,
				119AB1E926334A4A00379CB7 /* MyCar.xcdatamodeld in Sources */,
				119C892C266BC21400590CCC /* GarageController.swift in Sources */,
				11FF78F8264C2E08008660C4 /* Routable.swift in Sources */,
				11FF78F4264C2C2C008660C4 /* BaseCoordinator.swift in Sources */,
				11FF78FE264C5A27008660C4 /* AppColors.swift in Sources */,
				11FF78EA264C18EA008660C4 /* TabBarCoordinator.swift in Sources */,
				11FF7907264C6156008660C4 /* AppKeys.swift in Sources */,
				11FF790B264C660E008660C4 /* CoordinatorFactoryProtocol.swift in Sources */,
				119AB17D2633405E00379CB7 /* SceneDelegate.swift in Sources */,
				11FF78F0264C21E3008660C4 /* ModulesFactoryProtocols.swift in Sources */,
				11FF78FA264C2FB7008660C4 /* ModulesFactory.swift in Sources */,
				119C893C266CCD1000590CCC /* AppNavigationController.swift in Sources */,
				11FF78FC264C30FE008660C4 /* AppScope.swift in Sources */,
				11FF78F2264C2BF8008660C4 /* Coordinatable.swift in Sources */,
				11FF790D264C6A4E008660C4 /* CoordinatorFactory.swift in Sources */,
				1105B8E7268D0A24008603E9 /* Car+CoreDataProperties.swift in Sources */,
				119C8932266BC24B00590CCC /* GarageDataProvider.swift in Sources */,
				45C8AC32F8B25476970D6701 /* MaintenanceCoordinator.swift in Sources */,
				54E5BEFD0C6FB976D5FDFDDA /* MaintenanceProtocols.swift in Sources */,
				A9A4592B18C0F7BE20E3CC62 /* MaintenanceController.swift in Sources */,
				CBBD67D70A256981167E59BC /* MaintenancePresenter.swift in Sources */,
				C8AC58917EFC5B24A6A73A91 /* MaintenanceInteractor.swift in Sources */,
				119C8945266D3E3000590CCC /* CoreDataService.swift in Sources */,
				3B47F32D0533A38CD5D690A0 /* MaintenanceDataProvider.swift in Sources */,
				B3409F314BEC91D7A54B66C8 /* MaintenanceAssembly.swift in Sources */,
				275587677D9F0C9B4A0AEB59 /* MenuCoordinator.swift in Sources */,
				31D9846163A1AD9ABB3E7704 /* MenuProtocols.swift in Sources */,
				23B2D1080B049EEAE2781313 /* MenuController.swift in Sources */,
				7BF4004E0728C73689A1826A /* MenuPresenter.swift in Sources */,
				A63C2474C742B573CFCBADB5 /* MenuInteractor.swift in Sources */,
				4709F06C151CD55E76C2B45F /* MenuDataProvider.swift in Sources */,
				0EB1CC84385C211A4FB8E61F /* MenuAssembly.swift in Sources */,
				A0B40968EDA225D40F3CA68E /* ExpendituresCoordinator.swift in Sources */,
				6C4EFEECA829F248EA19AFD5 /* ExpendituresProtocols.swift in Sources */,
				80FDE77B955E1BC5B4FDB59C /* ExpendituresController.swift in Sources */,
				89419673B428AF3635535E94 /* ExpendituresPresenter.swift in Sources */,
				1A66C8DCF32F50A0CC0C0C18 /* ExpendituresInteractor.swift in Sources */,
				174D22CDD48A30DAEB8D80C9 /* ExpendituresDataProvider.swift in Sources */,
				2819300C4FA5525DC4C24C23 /* ExpendituresAssembly.swift in Sources */,
				286CC6CAA2DF4C8B1B970A7E /* CarDetailProtocols.swift in Sources */,
				D27C53C1CA015A17E6DDF9E9 /* CarDetailController.swift in Sources */,
				B6E9BB2423D755D9FCF03BD0 /* CarDetailPresenter.swift in Sources */,
				118592F2EFC9C3793C477635 /* CarDetailInteractor.swift in Sources */,
				EA639879952827A74CAE136F /* CarDetailDataProvider.swift in Sources */,
				1ACFA96AAB2FDF4874A55BF1 /* CarDetailAssembly.swift in Sources */,
				226141C990A7E27F02E1301F /* NotificationsCoordinator.swift in Sources */,
				0B43E6BE1EE44580A0B3DFB7 /* NotificationsProtocols.swift in Sources */,
				5F5ABA756E245A87D9CD78E7 /* NotificationsController.swift in Sources */,
				7784900E03FADF27BA6A282D /* NotificationsPresenter.swift in Sources */,
				CD98F2C0C2A204E05DA1BE05 /* NotificationsInteractor.swift in Sources */,
				8AA26A0289AFCFFFB7783F92 /* NotificationsDataProvider.swift in Sources */,
				FAAA11C9F879A40FF9B3E8E4 /* NotificationsAssembly.swift in Sources */,
				9D5D9C7724617AF60B4387BB /* MaintenanceDetailProtocols.swift in Sources */,
				4CF4D383132ACD57031B74F1 /* MaintenanceDetailController.swift in Sources */,
				9A0EBBD63E45D67B67CC0FCA /* MaintenanceDetailPresenter.swift in Sources */,
				91BC24065A9E7BCA864B4558 /* MaintenanceDetailInteractor.swift in Sources */,
				36A2843703503F452566AB97 /* MaintenanceDetailDataProvider.swift in Sources */,
				4AF3EDCA536BF4E60C9582A2 /* MaintenanceDetailAssembly.swift in Sources */,
			);
			runOnlyForDeploymentPostprocessing = 0;
		};
		119AB18C2633405F00379CB7 /* Sources */ = {
			isa = PBXSourcesBuildPhase;
			buildActionMask = 2147483647;
			files = (
				1105B8E3268CC197008603E9 /* CoreDataServiceTests.swift in Sources */,
			);
			runOnlyForDeploymentPostprocessing = 0;
		};
		119AB1972633405F00379CB7 /* Sources */ = {
			isa = PBXSourcesBuildPhase;
			buildActionMask = 2147483647;
			files = (
				119AB1A02633405F00379CB7 /* MyCarUITests.swift in Sources */,
			);
			runOnlyForDeploymentPostprocessing = 0;
		};
/* End PBXSourcesBuildPhase section */

/* Begin PBXTargetDependency section */
		119AB1922633405F00379CB7 /* PBXTargetDependency */ = {
			isa = PBXTargetDependency;
			target = 119AB1762633405E00379CB7 /* MyCar */;
			targetProxy = 119AB1912633405F00379CB7 /* PBXContainerItemProxy */;
		};
		119AB19D2633405F00379CB7 /* PBXTargetDependency */ = {
			isa = PBXTargetDependency;
			target = 119AB1762633405E00379CB7 /* MyCar */;
			targetProxy = 119AB19C2633405F00379CB7 /* PBXContainerItemProxy */;
		};
/* End PBXTargetDependency section */

/* Begin PBXVariantGroup section */
		119AB1882633405F00379CB7 /* LaunchScreen.storyboard */ = {
			isa = PBXVariantGroup;
			children = (
				119AB1892633405F00379CB7 /* Base */,
				119C8921266B901500590CCC /* ru */,
			);
			name = LaunchScreen.storyboard;
			sourceTree = "<group>";
		};
		119C8920266B8FFA00590CCC /* Localizable.strings */ = {
			isa = PBXVariantGroup;
			children = (
				119C891F266B8FFA00590CCC /* en */,
				119C8922266B901500590CCC /* ru */,
			);
			name = Localizable.strings;
			sourceTree = "<group>";
		};
/* End PBXVariantGroup section */

/* Begin XCBuildConfiguration section */
		119AB1A22633405F00379CB7 /* Debug */ = {
			isa = XCBuildConfiguration;
			buildSettings = {
				ALWAYS_SEARCH_USER_PATHS = NO;
				CLANG_ANALYZER_LOCALIZABILITY_NONLOCALIZED = YES;
				CLANG_ANALYZER_NONNULL = YES;
				CLANG_ANALYZER_NUMBER_OBJECT_CONVERSION = YES_AGGRESSIVE;
				CLANG_CXX_LANGUAGE_STANDARD = "gnu++14";
				CLANG_CXX_LIBRARY = "libc++";
				CLANG_ENABLE_MODULES = YES;
				CLANG_ENABLE_OBJC_ARC = YES;
				CLANG_ENABLE_OBJC_WEAK = YES;
				CLANG_WARN_BLOCK_CAPTURE_AUTORELEASING = YES;
				CLANG_WARN_BOOL_CONVERSION = YES;
				CLANG_WARN_COMMA = YES;
				CLANG_WARN_CONSTANT_CONVERSION = YES;
				CLANG_WARN_DEPRECATED_OBJC_IMPLEMENTATIONS = YES;
				CLANG_WARN_DIRECT_OBJC_ISA_USAGE = YES_ERROR;
				CLANG_WARN_DOCUMENTATION_COMMENTS = YES;
				CLANG_WARN_EMPTY_BODY = YES;
				CLANG_WARN_ENUM_CONVERSION = YES;
				CLANG_WARN_INFINITE_RECURSION = YES;
				CLANG_WARN_INT_CONVERSION = YES;
				CLANG_WARN_NON_LITERAL_NULL_CONVERSION = YES;
				CLANG_WARN_OBJC_IMPLICIT_RETAIN_SELF = YES;
				CLANG_WARN_OBJC_LITERAL_CONVERSION = YES;
				CLANG_WARN_OBJC_ROOT_CLASS = YES_ERROR;
				CLANG_WARN_QUOTED_INCLUDE_IN_FRAMEWORK_HEADER = YES;
				CLANG_WARN_RANGE_LOOP_ANALYSIS = YES;
				CLANG_WARN_STRICT_PROTOTYPES = YES;
				CLANG_WARN_SUSPICIOUS_MOVE = YES;
				CLANG_WARN_UNGUARDED_AVAILABILITY = YES_AGGRESSIVE;
				CLANG_WARN_UNREACHABLE_CODE = YES;
				CLANG_WARN__DUPLICATE_METHOD_MATCH = YES;
				COPY_PHASE_STRIP = NO;
				DEBUG_INFORMATION_FORMAT = dwarf;
				ENABLE_STRICT_OBJC_MSGSEND = YES;
				ENABLE_TESTABILITY = YES;
				GCC_C_LANGUAGE_STANDARD = gnu11;
				GCC_DYNAMIC_NO_PIC = NO;
				GCC_NO_COMMON_BLOCKS = YES;
				GCC_OPTIMIZATION_LEVEL = 0;
				GCC_PREPROCESSOR_DEFINITIONS = (
					"DEBUG=1",
					"$(inherited)",
				);
				GCC_WARN_64_TO_32_BIT_CONVERSION = YES;
				GCC_WARN_ABOUT_RETURN_TYPE = YES_ERROR;
				GCC_WARN_UNDECLARED_SELECTOR = YES;
				GCC_WARN_UNINITIALIZED_AUTOS = YES_AGGRESSIVE;
				GCC_WARN_UNUSED_FUNCTION = YES;
				GCC_WARN_UNUSED_VARIABLE = YES;
				IPHONEOS_DEPLOYMENT_TARGET = 13.0;
				MTL_ENABLE_DEBUG_INFO = INCLUDE_SOURCE;
				MTL_FAST_MATH = YES;
				ONLY_ACTIVE_ARCH = YES;
				SDKROOT = iphoneos;
				SWIFT_ACTIVE_COMPILATION_CONDITIONS = DEBUG;
				SWIFT_OPTIMIZATION_LEVEL = "-Onone";
			};
			name = Debug;
		};
		119AB1A32633405F00379CB7 /* Release */ = {
			isa = XCBuildConfiguration;
			buildSettings = {
				ALWAYS_SEARCH_USER_PATHS = NO;
				CLANG_ANALYZER_LOCALIZABILITY_NONLOCALIZED = YES;
				CLANG_ANALYZER_NONNULL = YES;
				CLANG_ANALYZER_NUMBER_OBJECT_CONVERSION = YES_AGGRESSIVE;
				CLANG_CXX_LANGUAGE_STANDARD = "gnu++14";
				CLANG_CXX_LIBRARY = "libc++";
				CLANG_ENABLE_MODULES = YES;
				CLANG_ENABLE_OBJC_ARC = YES;
				CLANG_ENABLE_OBJC_WEAK = YES;
				CLANG_WARN_BLOCK_CAPTURE_AUTORELEASING = YES;
				CLANG_WARN_BOOL_CONVERSION = YES;
				CLANG_WARN_COMMA = YES;
				CLANG_WARN_CONSTANT_CONVERSION = YES;
				CLANG_WARN_DEPRECATED_OBJC_IMPLEMENTATIONS = YES;
				CLANG_WARN_DIRECT_OBJC_ISA_USAGE = YES_ERROR;
				CLANG_WARN_DOCUMENTATION_COMMENTS = YES;
				CLANG_WARN_EMPTY_BODY = YES;
				CLANG_WARN_ENUM_CONVERSION = YES;
				CLANG_WARN_INFINITE_RECURSION = YES;
				CLANG_WARN_INT_CONVERSION = YES;
				CLANG_WARN_NON_LITERAL_NULL_CONVERSION = YES;
				CLANG_WARN_OBJC_IMPLICIT_RETAIN_SELF = YES;
				CLANG_WARN_OBJC_LITERAL_CONVERSION = YES;
				CLANG_WARN_OBJC_ROOT_CLASS = YES_ERROR;
				CLANG_WARN_QUOTED_INCLUDE_IN_FRAMEWORK_HEADER = YES;
				CLANG_WARN_RANGE_LOOP_ANALYSIS = YES;
				CLANG_WARN_STRICT_PROTOTYPES = YES;
				CLANG_WARN_SUSPICIOUS_MOVE = YES;
				CLANG_WARN_UNGUARDED_AVAILABILITY = YES_AGGRESSIVE;
				CLANG_WARN_UNREACHABLE_CODE = YES;
				CLANG_WARN__DUPLICATE_METHOD_MATCH = YES;
				COPY_PHASE_STRIP = NO;
				DEBUG_INFORMATION_FORMAT = "dwarf-with-dsym";
				ENABLE_NS_ASSERTIONS = NO;
				ENABLE_STRICT_OBJC_MSGSEND = YES;
				GCC_C_LANGUAGE_STANDARD = gnu11;
				GCC_NO_COMMON_BLOCKS = YES;
				GCC_WARN_64_TO_32_BIT_CONVERSION = YES;
				GCC_WARN_ABOUT_RETURN_TYPE = YES_ERROR;
				GCC_WARN_UNDECLARED_SELECTOR = YES;
				GCC_WARN_UNINITIALIZED_AUTOS = YES_AGGRESSIVE;
				GCC_WARN_UNUSED_FUNCTION = YES;
				GCC_WARN_UNUSED_VARIABLE = YES;
				IPHONEOS_DEPLOYMENT_TARGET = 13.0;
				MTL_ENABLE_DEBUG_INFO = NO;
				MTL_FAST_MATH = YES;
				SDKROOT = iphoneos;
				SWIFT_COMPILATION_MODE = wholemodule;
				SWIFT_OPTIMIZATION_LEVEL = "-O";
				VALIDATE_PRODUCT = YES;
			};
			name = Release;
		};
		119AB1A52633405F00379CB7 /* Debug */ = {
			isa = XCBuildConfiguration;
			baseConfigurationReference = C1D6714D17C026A9552F06C5 /* Pods-MyCar.debug.xcconfig */;
			buildSettings = {
				ASSETCATALOG_COMPILER_APPICON_NAME = AppIcon;
				ASSETCATALOG_COMPILER_GLOBAL_ACCENT_COLOR_NAME = AccentColor;
				CODE_SIGN_STYLE = Automatic;
				DEVELOPMENT_TEAM = RTLGBYJM5X;
				INFOPLIST_FILE = MyCar/Application/Info.plist;
				IPHONEOS_DEPLOYMENT_TARGET = 13.0;
				LD_RUNPATH_SEARCH_PATHS = (
					"$(inherited)",
					"@executable_path/Frameworks",
				);
				PRODUCT_BUNDLE_IDENTIFIER = ru.MyCar;
				PRODUCT_NAME = "$(TARGET_NAME)";
				SWIFT_VERSION = 5.0;
				TARGETED_DEVICE_FAMILY = 1;
			};
			name = Debug;
		};
		119AB1A62633405F00379CB7 /* Release */ = {
			isa = XCBuildConfiguration;
			baseConfigurationReference = 079A4F4431A51C698070954F /* Pods-MyCar.release.xcconfig */;
			buildSettings = {
				ASSETCATALOG_COMPILER_APPICON_NAME = AppIcon;
				ASSETCATALOG_COMPILER_GLOBAL_ACCENT_COLOR_NAME = AccentColor;
				CODE_SIGN_STYLE = Automatic;
				DEVELOPMENT_TEAM = RTLGBYJM5X;
				INFOPLIST_FILE = MyCar/Application/Info.plist;
				IPHONEOS_DEPLOYMENT_TARGET = 13.0;
				LD_RUNPATH_SEARCH_PATHS = (
					"$(inherited)",
					"@executable_path/Frameworks",
				);
				PRODUCT_BUNDLE_IDENTIFIER = ru.MyCar;
				PRODUCT_NAME = "$(TARGET_NAME)";
				SWIFT_VERSION = 5.0;
				TARGETED_DEVICE_FAMILY = 1;
			};
			name = Release;
		};
		119AB1A82633405F00379CB7 /* Debug */ = {
			isa = XCBuildConfiguration;
			baseConfigurationReference = C707FED61212E71A470F5007 /* Pods-MyCarTests.debug.xcconfig */;
			buildSettings = {
				ALWAYS_EMBED_SWIFT_STANDARD_LIBRARIES = YES;
				BUNDLE_LOADER = "$(TEST_HOST)";
				CODE_SIGN_STYLE = Automatic;
				DEVELOPMENT_TEAM = RTLGBYJM5X;
				INFOPLIST_FILE = MyCarTests/Info.plist;
				IPHONEOS_DEPLOYMENT_TARGET = 14.4;
				LD_RUNPATH_SEARCH_PATHS = (
					"$(inherited)",
					"@executable_path/Frameworks",
					"@loader_path/Frameworks",
				);
				PRODUCT_BUNDLE_IDENTIFIER = ru.NikitaKosolapov.MyCarTests;
				PRODUCT_NAME = "$(TARGET_NAME)";
				SWIFT_VERSION = 5.0;
				TARGETED_DEVICE_FAMILY = "1,2";
				TEST_HOST = "$(BUILT_PRODUCTS_DIR)/MyCar.app/MyCar";
			};
			name = Debug;
		};
		119AB1A92633405F00379CB7 /* Release */ = {
			isa = XCBuildConfiguration;
			baseConfigurationReference = 29B05698CB092FEF7AB188C2 /* Pods-MyCarTests.release.xcconfig */;
			buildSettings = {
				ALWAYS_EMBED_SWIFT_STANDARD_LIBRARIES = YES;
				BUNDLE_LOADER = "$(TEST_HOST)";
				CODE_SIGN_STYLE = Automatic;
				DEVELOPMENT_TEAM = RTLGBYJM5X;
				INFOPLIST_FILE = MyCarTests/Info.plist;
				IPHONEOS_DEPLOYMENT_TARGET = 14.4;
				LD_RUNPATH_SEARCH_PATHS = (
					"$(inherited)",
					"@executable_path/Frameworks",
					"@loader_path/Frameworks",
				);
				PRODUCT_BUNDLE_IDENTIFIER = ru.NikitaKosolapov.MyCarTests;
				PRODUCT_NAME = "$(TARGET_NAME)";
				SWIFT_VERSION = 5.0;
				TARGETED_DEVICE_FAMILY = "1,2";
				TEST_HOST = "$(BUILT_PRODUCTS_DIR)/MyCar.app/MyCar";
			};
			name = Release;
		};
		119AB1AB2633405F00379CB7 /* Debug */ = {
			isa = XCBuildConfiguration;
			baseConfigurationReference = 3EF8E4AD6F33627FA131ED7B /* Pods-MyCar-MyCarUITests.debug.xcconfig */;
			buildSettings = {
				ALWAYS_EMBED_SWIFT_STANDARD_LIBRARIES = YES;
				CODE_SIGN_STYLE = Automatic;
				DEVELOPMENT_TEAM = RTLGBYJM5X;
				INFOPLIST_FILE = MyCarUITests/Info.plist;
				LD_RUNPATH_SEARCH_PATHS = (
					"$(inherited)",
					"@executable_path/Frameworks",
					"@loader_path/Frameworks",
				);
				PRODUCT_BUNDLE_IDENTIFIER = ru.NikitaKosolapov.MyCarUITests;
				PRODUCT_NAME = "$(TARGET_NAME)";
				SWIFT_VERSION = 5.0;
				TARGETED_DEVICE_FAMILY = "1,2";
				TEST_TARGET_NAME = MyCar;
			};
			name = Debug;
		};
		119AB1AC2633405F00379CB7 /* Release */ = {
			isa = XCBuildConfiguration;
			baseConfigurationReference = B46418253DFFC9D3F1A60903 /* Pods-MyCar-MyCarUITests.release.xcconfig */;
			buildSettings = {
				ALWAYS_EMBED_SWIFT_STANDARD_LIBRARIES = YES;
				CODE_SIGN_STYLE = Automatic;
				DEVELOPMENT_TEAM = RTLGBYJM5X;
				INFOPLIST_FILE = MyCarUITests/Info.plist;
				LD_RUNPATH_SEARCH_PATHS = (
					"$(inherited)",
					"@executable_path/Frameworks",
					"@loader_path/Frameworks",
				);
				PRODUCT_BUNDLE_IDENTIFIER = ru.NikitaKosolapov.MyCarUITests;
				PRODUCT_NAME = "$(TARGET_NAME)";
				SWIFT_VERSION = 5.0;
				TARGETED_DEVICE_FAMILY = "1,2";
				TEST_TARGET_NAME = MyCar;
			};
			name = Release;
		};
/* End XCBuildConfiguration section */

/* Begin XCConfigurationList section */
		119AB1722633405E00379CB7 /* Build configuration list for PBXProject "MyCar" */ = {
			isa = XCConfigurationList;
			buildConfigurations = (
				119AB1A22633405F00379CB7 /* Debug */,
				119AB1A32633405F00379CB7 /* Release */,
			);
			defaultConfigurationIsVisible = 0;
			defaultConfigurationName = Release;
		};
		119AB1A42633405F00379CB7 /* Build configuration list for PBXNativeTarget "MyCar" */ = {
			isa = XCConfigurationList;
			buildConfigurations = (
				119AB1A52633405F00379CB7 /* Debug */,
				119AB1A62633405F00379CB7 /* Release */,
			);
			defaultConfigurationIsVisible = 0;
			defaultConfigurationName = Release;
		};
		119AB1A72633405F00379CB7 /* Build configuration list for PBXNativeTarget "MyCarTests" */ = {
			isa = XCConfigurationList;
			buildConfigurations = (
				119AB1A82633405F00379CB7 /* Debug */,
				119AB1A92633405F00379CB7 /* Release */,
			);
			defaultConfigurationIsVisible = 0;
			defaultConfigurationName = Release;
		};
		119AB1AA2633405F00379CB7 /* Build configuration list for PBXNativeTarget "MyCarUITests" */ = {
			isa = XCConfigurationList;
			buildConfigurations = (
				119AB1AB2633405F00379CB7 /* Debug */,
				119AB1AC2633405F00379CB7 /* Release */,
			);
			defaultConfigurationIsVisible = 0;
			defaultConfigurationName = Release;
		};
/* End XCConfigurationList section */

/* Begin XCVersionGroup section */
		119AB1E726334A4A00379CB7 /* MyCar.xcdatamodeld */ = {
			isa = XCVersionGroup;
			children = (
				11FC74A22683B09100D54243 /* MyCar2.xcdatamodel */,
				119AB1E826334A4A00379CB7 /* MyCar.xcdatamodel */,
			);
			currentVersion = 11FC74A22683B09100D54243 /* MyCar2.xcdatamodel */;
			path = MyCar.xcdatamodeld;
			sourceTree = "<group>";
			versionGroupType = wrapper.xcdatamodel;
		};
/* End XCVersionGroup section */
	};
	rootObject = 119AB16F2633405E00379CB7 /* Project object */;
}
